// !$*UTF8*$!
{
	archiveVersion = 1;
	classes = {
	};
	objectVersion = 46;
	objects = {
/* Begin PBXBuildFile section */
		0207DA581B56EA530066E2B4 /* Images.xcassets in Resources */ = {isa = PBXBuildFile; fileRef = 0207DA571B56EA530066E2B4 /* Images.xcassets */; };
		04EE4E0690714098A294DC84 /* Reader-Export@2x.png in Resources */ = {isa = PBXBuildFile; fileRef = 1FE6A69FA5FC44B38FCEC06E /* Reader-Export@2x.png */; };
		07139178ADBE41179EDCFA7F /* SDVReaderViewController.m in Sources */ = {isa = PBXBuildFile; fileRef = 56E35E2DEAA44A0D869E72E4 /* SDVReaderViewController.m */; };
		07EEED3DC7E8471EB63D61CC /* ReaderMainPagebar.m in Sources */ = {isa = PBXBuildFile; fileRef = 55AD22160118420CAA7B5A4B /* ReaderMainPagebar.m */; };
		0B437FBD4D3F4E189932609D /* SDVReader-CoverPage.png in Resources */ = {isa = PBXBuildFile; fileRef = AA28E161B3EC4E9B88472C0B /* SDVReader-CoverPage.png */; };
		0E9623FB8172479A91A95B96 /* MessageUI.framework in Frameworks */ = {isa = PBXBuildFile; fileRef = D0B4BD0EA4614AAFBFDC95D5 /* MessageUI.framework */; };
		0F3AA050DE604AB4AF476464 /* SDVReaderContentViewDoublePage.m in Sources */ = {isa = PBXBuildFile; fileRef = 2381A012D5F04439B26BC908 /* SDVReaderContentViewDoublePage.m */; };
		0FB95A0FE7E4468CA0FD7D26 /* ThumbsViewController+SDVThumbsViewControllerPassThrough.m in Sources */ = {isa = PBXBuildFile; fileRef = 79135573768348B98F7CE887 /* ThumbsViewController+SDVThumbsViewControllerPassThrough.m */; };
		12E4859E1E754F18BC97D01E /* AppVersion.m in Sources */ = {isa = PBXBuildFile; fileRef = BD41AF04751C453192B04E99 /* AppVersion.m */; };
		1498783B46C44A34A53307D6 /* Reader-Email@2x.png in Resources */ = {isa = PBXBuildFile; fileRef = 62DA880C046F4F9A9730003D /* Reader-Email@2x.png */; };
		14EF1CEE863F494EA6EB92A7 /* ReaderContentPage.m in Sources */ = {isa = PBXBuildFile; fileRef = F701B57AA1884D6BA7C4FFB1 /* ReaderContentPage.m */; };
		1604C63A4F0B40529A9803F0 /* Reader-Mark-N@2x.png in Resources */ = {isa = PBXBuildFile; fileRef = FCAFAEE589F84035A8CA6888 /* Reader-Mark-N@2x.png */; };
		16D508C1EF8449199D426238 /* Reader-Thumbs@2x.png in Resources */ = {isa = PBXBuildFile; fileRef = 5A2BF0272C9B45DFA2D2A9E6 /* Reader-Thumbs@2x.png */; };
		17379FC421DF40CBBCFB3E09 /* libz.tbd in Frameworks */ = {isa = PBXBuildFile; fileRef = 01314F2C0C58459F84814031 /* libz.tbd */; };
		1926C264123240D886B6C91E /* CFCallNumber.m in Sources */ = {isa = PBXBuildFile; fileRef = B4A4F58A9F3F4D4AAC7A1851 /* CFCallNumber.m */; };
		199B196E4B54462AA06D5D5A /* QuartzCore.framework in Frameworks */ = {isa = PBXBuildFile; fileRef = 7E3D3CDD3CBF4B2A8DB1478F /* QuartzCore.framework */; };
		1B024BAEAB5C469FB01F162F /* ReaderViewController+SDVReaderViewControllerPassThrough.m in Sources */ = {isa = PBXBuildFile; fileRef = F60FDD00460C4054A3EABCC0 /* ReaderViewController+SDVReaderViewControllerPassThrough.m */; };
		1C8931940B4C48DD88E63DD2 /* SDVReaderMainPagebar.m in Sources */ = {isa = PBXBuildFile; fileRef = 35AD08341B92461089D63D68 /* SDVReaderMainPagebar.m */; };
		1D3623260D0F684500981E51 /* AppDelegate.m in Sources */ = {isa = PBXBuildFile; fileRef = 1D3623250D0F684500981E51 /* AppDelegate.m */; };
		1D60589B0D05DD56006BFB54 /* main.m in Sources */ = {isa = PBXBuildFile; fileRef = 29B97316FDCFA39411CA2CEA /* main.m */; };
		24565D7B4ECC4EBE94862708 /* Default-568h@2x.png in Resources */ = {isa = PBXBuildFile; fileRef = A6EE0DE0FDAE4C84BEA0365A /* Default-568h@2x.png */; };
		2486C06904D54AD29833F06D /* ThumbsViewController.m in Sources */ = {isa = PBXBuildFile; fileRef = 822B91F55DED45379FC5FAB4 /* ThumbsViewController.m */; };
		25E33C163ABE4260A85BECF6 /* Reader-Print@2x.png in Resources */ = {isa = PBXBuildFile; fileRef = 8216B16B430C4CCE88FA58A6 /* Reader-Print@2x.png */; };
		2AAA025297FC4A5AA9F68A41 /* Reader-Mark-Y@2x.png in Resources */ = {isa = PBXBuildFile; fileRef = AB4AFEE0F29D429484380926 /* Reader-Mark-Y@2x.png */; };
		2D4245101EAD470DB32C0D08 /* ThumbsMainToolbar.m in Sources */ = {isa = PBXBuildFile; fileRef = ED09127C03834A60B9A9BC0A /* ThumbsMainToolbar.m */; };
		301BF552109A68D80062928A /* libCordova.a in Frameworks */ = {isa = PBXBuildFile; fileRef = 301BF535109A57CC0062928A /* libCordova.a */; };
		302D95F114D2391D003F00A1 /* MainViewController.m in Sources */ = {isa = PBXBuildFile; fileRef = 302D95EF14D2391D003F00A1 /* MainViewController.m */; };
		302D95F214D2391D003F00A1 /* MainViewController.xib in Resources */ = {isa = PBXBuildFile; fileRef = 302D95F014D2391D003F00A1 /* MainViewController.xib */; };
		32350863DA3E4951BA27E908 /* ReaderThumbRequest.m in Sources */ = {isa = PBXBuildFile; fileRef = 283EAF6AAB374659A38F0BFD /* ReaderThumbRequest.m */; };
		36EDAA3EC4BC4DAB8CAE6390 /* ImageIO.framework in Frameworks */ = {isa = PBXBuildFile; fileRef = 672C9D8F5A13492197804C5E /* ImageIO.framework */; };
		3F5757F303424872BB714BE7 /* Reader-Button-N.png in Resources */ = {isa = PBXBuildFile; fileRef = 9DAB1FAEFADB4A1D85F3E0C6 /* Reader-Button-N.png */; };
		3FAE46DCB0ED4A9A9F295BCA /* CDVFile.m in Sources */ = {isa = PBXBuildFile; fileRef = 72368F5F19334D5EA8B9E473 /* CDVFile.m */; };
		46C439F9154A44779643DF9F /* ReaderContentView.m in Sources */ = {isa = PBXBuildFile; fileRef = 957C33CEBF7A46F4B1C53F14 /* ReaderContentView.m */; };
		489EDE1D61DC4A5D9C51CECE /* SDVThumbsViewController.m in Sources */ = {isa = PBXBuildFile; fileRef = 49CE4CFC59644B7295BD9E3A /* SDVThumbsViewController.m */; };
		4A4526337131412B9BA57F48 /* Reader-Thumbs.png in Resources */ = {isa = PBXBuildFile; fileRef = 2DD536C821E04087954931EC /* Reader-Thumbs.png */; };
		50B8E2DB85B54F0FA613F306 /* CDVInAppBrowser.m in Sources */ = {isa = PBXBuildFile; fileRef = 7A6D86D5BD6A4107A181CAD9 /* CDVInAppBrowser.m */; };
		5542DB9D18AA4B71863DFEA4 /* Reader-Export.png in Resources */ = {isa = PBXBuildFile; fileRef = 5F8ADE30EA0B490B81E4BAD4 /* Reader-Export.png */; };
		55770FE23B1446308BA66672 /* AudioToolbox.framework in Frameworks */ = {isa = PBXBuildFile; fileRef = E3250A55FCF8419695818065 /* AudioToolbox.framework */; settings = {ATTRIBUTES = (Weak, ); }; };
		5697FCE6B2674D009368DFB1 /* startApp.m in Sources */ = {isa = PBXBuildFile; fileRef = 2744C55441324DAD95F74CE5 /* startApp.m */; };
		5AC646584054417A85EE2F2F /* UIKit.framework in Frameworks */ = {isa = PBXBuildFile; fileRef = A27FDAD4A99749B296B4377F /* UIKit.framework */; };
		5AE0F220C6C8450288D2DAE3 /* ReaderMainToolbar+SDVReaderMainToolbarPassThrough.m in Sources */ = {isa = PBXBuildFile; fileRef = DC43FE71E16F4DF78E1C4D1F /* ReaderMainToolbar+SDVReaderMainToolbarPassThrough.m */; };
		5E7E5B7754214F229B95C765 /* ReaderThumbFetch.m in Sources */ = {isa = PBXBuildFile; fileRef = B32D697498314D8682E992B9 /* ReaderThumbFetch.m */; };
		605AE438EA0E428981C60F3C /* SDVReader-SinglePage@2x.png in Resources */ = {isa = PBXBuildFile; fileRef = DD0D9AC1FE1B4ABFA392D1F3 /* SDVReader-SinglePage@2x.png */; };
		629A4F3D6EA84F53AA263ACD /* ExRHMEncrypt.m in Sources */ = {isa = PBXBuildFile; fileRef = 1A317F010E7747C58D48C896 /* ExRHMEncrypt.m */; };
		63675C4A3BE546E381602ECC /* Reader-Print.png in Resources */ = {isa = PBXBuildFile; fileRef = 03C9227126764382AAC43C1F /* Reader-Print.png */; };
		6AFF5BF91D6E424B00AB3073 /* CDVLaunchScreen.storyboard in Resources */ = {isa = PBXBuildFile; fileRef = 6AFF5BF81D6E424B00AB3073 /* CDVLaunchScreen.storyboard */; };
		6B3250F5AC934896B6DD9DE1 /* Foundation.framework in Frameworks */ = {isa = PBXBuildFile; fileRef = 98ABE5E6F2C24D5EB620CF42 /* Foundation.framework */; };
		719446B998564EB294600407 /* UIXToolbarView.m in Sources */ = {isa = PBXBuildFile; fileRef = 88C704BA105A4DA5BD0B731C /* UIXToolbarView.m */; };
		7762402BF3D54123BDDAD825 /* SDVReader-Outline@2x.png in Resources */ = {isa = PBXBuildFile; fileRef = E1204B55FC1F45B1B94E1D4A /* SDVReader-Outline@2x.png */; };
		82635977C926461DA20CAF6A /* Reader-Button-H.png in Resources */ = {isa = PBXBuildFile; fileRef = 258C4F246A3F4D5EB45B1449 /* Reader-Button-H.png */; };
		88078BDEF96C4E4AAA748415 /* CGPDFDocument.m in Sources */ = {isa = PBXBuildFile; fileRef = CC5C1510F53A48DE846193F8 /* CGPDFDocument.m */; };
		90905FEAC544454D8D9E616E /* ReaderThumbsView.m in Sources */ = {isa = PBXBuildFile; fileRef = B773B15819454442B656DCFD /* ReaderThumbsView.m */; };
		909DC421E9DA468D987B996A /* ThumbsMainToolbar+SDVThumbsMainToolbarPassThrough.m in Sources */ = {isa = PBXBuildFile; fileRef = BF67A3BEAD1548C2AAC2FB52 /* ThumbsMainToolbar+SDVThumbsMainToolbarPassThrough.m */; };
		9466979B604F4EF7AB0410AD /* CDVDevice.m in Sources */ = {isa = PBXBuildFile; fileRef = F05C21B635884F71932F3F13 /* CDVDevice.m */; };
		96AFE976DE954E3BA0159A11 /* SDVReader-CoverPage@2x.png in Resources */ = {isa = PBXBuildFile; fileRef = A437A8ABF3884AA6835A8F0A /* SDVReader-CoverPage@2x.png */; };
		96DE3D2AA56740B187285B12 /* ReaderDocument.m in Sources */ = {isa = PBXBuildFile; fileRef = 9F78E96402E64505BE5DDB78 /* ReaderDocument.m */; };
		9956912868E44779922A9863 /* ReaderMainToolbar.m in Sources */ = {isa = PBXBuildFile; fileRef = 0E73E990259D48179264F1AB /* ReaderMainToolbar.m */; };
		9D560BCD5E504237BAFC1A1D /* Reader-Button-N@2x.png in Resources */ = {isa = PBXBuildFile; fileRef = 82997A901DF84C9C99BB65CE /* Reader-Button-N@2x.png */; };
		A2CBD9F6BF354AB1A55F3CD0 /* CDVAssetLibraryFilesystem.m in Sources */ = {isa = PBXBuildFile; fileRef = 69EEACDC6BD64A1B874A39B4 /* CDVAssetLibraryFilesystem.m */; };
		A410AEC9FEF446A29A591B0B /* SDVReaderMainToolbar.m in Sources */ = {isa = PBXBuildFile; fileRef = 4BF8E4A48D59461B864D103C /* SDVReaderMainToolbar.m */; };
		A91203AA7E0F4A8C804A2E26 /* SDVReader-SinglePage.png in Resources */ = {isa = PBXBuildFile; fileRef = 1E307D3B447F4FEDB1389CAF /* SDVReader-SinglePage.png */; };
		AB9699A0A05746F7A62E1387 /* Reader-Mark-Y.png in Resources */ = {isa = PBXBuildFile; fileRef = A53E168FB6D4484A95C69E20 /* Reader-Mark-Y.png */; };
		B0EBBB8B18E34394813AA2A4 /* SDVReader-DoublePage.png in Resources */ = {isa = PBXBuildFile; fileRef = 392A8A20E65949AAA2B9A2A6 /* SDVReader-DoublePage.png */; };
		B1624441FC66414FB8AE7E41 /* Reader-Email.png in Resources */ = {isa = PBXBuildFile; fileRef = C4E5CB5866724C1EA9DD7497 /* Reader-Email.png */; };
		B4FAE38EDB92485E988B6673 /* CDVNotification.bundle in Resources */ = {isa = PBXBuildFile; fileRef = 65D522ABA4A54F61BF46A33C /* CDVNotification.bundle */; };
		B7C6F60F0B0B41AF9B09CCC1 /* SDVReader-DoublePage@2x.png in Resources */ = {isa = PBXBuildFile; fileRef = 130DDE441BFE430486BDB644 /* SDVReader-DoublePage@2x.png */; };
		C37E9646CE924CAF92B27076 /* ReaderDocumentOutline.m in Sources */ = {isa = PBXBuildFile; fileRef = 4ED73468E41049A1AABAF653 /* ReaderDocumentOutline.m */; };
		CB9537050501481BBFF6B33F /* CDVNotification.m in Sources */ = {isa = PBXBuildFile; fileRef = 537C24B4485F4FDEA02A8EBF /* CDVNotification.m */; };
		CBFEA92B1EA249E298474091 /* ReaderContentTile.m in Sources */ = {isa = PBXBuildFile; fileRef = 437FC9454A2C4B08BF026F14 /* ReaderContentTile.m */; };
		CC0663B7B4C14DAB98F922E3 /* ReaderViewController.m in Sources */ = {isa = PBXBuildFile; fileRef = BF2915B281DD4AD0A71C8DAE /* ReaderViewController.m */; };
		CC163A06A4C246FFAC3242AA /* CDVLocation.m in Sources */ = {isa = PBXBuildFile; fileRef = B6493167C9CE42B7931BC0DC /* CDVLocation.m */; };
		D2869F878E03463B9E7897DD /* Reader-Mark-N.png in Resources */ = {isa = PBXBuildFile; fileRef = 724A50360D0947409D771558 /* Reader-Mark-N.png */; };
		D5F594537BA14F7B9AE36034 /* SDVReader-Outline.png in Resources */ = {isa = PBXBuildFile; fileRef = 1351E29318974B958CC3B1F8 /* SDVReader-Outline.png */; };
		D90CFBB38ED54433A83F7791 /* ReaderThumbRender.m in Sources */ = {isa = PBXBuildFile; fileRef = 1E5F2A0794EA4C9EACCE4D9A /* ReaderThumbRender.m */; };
		E01B8AA3E23A425CA2321F9F /* ReaderThumbQueue.m in Sources */ = {isa = PBXBuildFile; fileRef = 25A74DDDED4A4D42A27BAE7A /* ReaderThumbQueue.m */; };
		E99C175D901F49AB8D131B61 /* ReaderThumbView.m in Sources */ = {isa = PBXBuildFile; fileRef = F25AA609EBEF4DCD946BD5EB /* ReaderThumbView.m */; };
		EC4F8AD263224F93B7AAB680 /* CoreLocation.framework in Frameworks */ = {isa = PBXBuildFile; fileRef = D58EADEB34294602AB9522CF /* CoreLocation.framework */; };
		EE983FA1F1DB44C290D79C8F /* CDVLocalFilesystem.m in Sources */ = {isa = PBXBuildFile; fileRef = 3013CA203E72461DAB54E0C8 /* CDVLocalFilesystem.m */; };
		EFBD11F5D71548AEB885B786 /* Reader-Button-H@2x.png in Resources */ = {isa = PBXBuildFile; fileRef = 9CE1245A189E4AEB96887094 /* Reader-Button-H@2x.png */; };
		F0CB97BED4AB4BA6A4E0400D /* ReaderThumbCache.m in Sources */ = {isa = PBXBuildFile; fileRef = CF84E4FD8EEA4E82A5AEF8B5 /* ReaderThumbCache.m */; };
		F62E55BBC99146A7A34A915F /* SitewaertsDocumentViewer.m in Sources */ = {isa = PBXBuildFile; fileRef = 5F0A30C2783E40009B63832D /* SitewaertsDocumentViewer.m */; };
		F997D67B2EC04211A72B35B6 /* SDVThumbsMainToolbar.m in Sources */ = {isa = PBXBuildFile; fileRef = 337C1DFEE71F489B88A12CA5 /* SDVThumbsMainToolbar.m */; };
		FD542F60F74D488A87467E8F /* ReaderConstants.m in Sources */ = {isa = PBXBuildFile; fileRef = 528A58F8F6AA48C9A3F42941 /* ReaderConstants.m */; };
		8677F1208863435CB61E16C1 /* CDVFileTransfer.m in Sources */ = {isa = PBXBuildFile; fileRef = 62931BBD4EE74B64AF62B2B4 /* CDVFileTransfer.m */; };
		5487D2849A8147818488E595 /* FileOpener2.m in Sources */ = {isa = PBXBuildFile; fileRef = AC4D0A44CB63401C97D5AD83 /* FileOpener2.m */; };
/* End PBXBuildFile section */

/* Begin PBXContainerItemProxy section */
		301BF534109A57CC0062928A /* PBXContainerItemProxy */ = {
			isa = PBXContainerItemProxy;
			containerPortal = 301BF52D109A57CC0062928A /* CordovaLib/CordovaLib.xcodeproj */;
			proxyType = 2;
			remoteGlobalIDString = D2AAC07E0554694100DB518D;
			remoteInfo = CordovaLib;
		};
		301BF550109A68C00062928A /* PBXContainerItemProxy */ = {
			isa = PBXContainerItemProxy;
			containerPortal = 301BF52D109A57CC0062928A /* CordovaLib/CordovaLib.xcodeproj */;
			proxyType = 1;
			remoteGlobalIDString = D2AAC07D0554694100DB518D;
			remoteInfo = CordovaLib;
		};
		55EE3842206CDABD00A7EB4A /* PBXContainerItemProxy */ = {
			isa = PBXContainerItemProxy;
			containerPortal = 301BF52D109A57CC0062928A /* CordovaLib/CordovaLib.xcodeproj */;
			proxyType = 2;
			remoteGlobalIDString = C0C01EB21E3911D50056E6CB;
			remoteInfo = Cordova;
		};
/* End PBXContainerItemProxy section */

/* Begin PBXFileReference section */
		01314F2C0C58459F84814031 /* libz.tbd */ = {isa = PBXFileReference; explicitFileType = undefined; fileEncoding = 9; includeInIndex = 0; lastKnownFileType = "sourcecode.text-based-dylib-definition"; name = libz.tbd; path = usr/lib/libz.tbd; sourceTree = SDKROOT; };
		0207DA571B56EA530066E2B4 /* Images.xcassets */ = {isa = PBXFileReference; lastKnownFileType = folder.assetcatalog; name = Images.xcassets; path = MyKia_cordova/Images.xcassets; sourceTree = SOURCE_ROOT; };
		03C9227126764382AAC43C1F /* Reader-Print.png */ = {isa = PBXFileReference; explicitFileType = undefined; fileEncoding = 9; includeInIndex = 0; lastKnownFileType = unknown; path = "Reader-Print.png"; sourceTree = "<group>"; };
		046296476FFE4E528DE68800 /* ReaderContentTile.h */ = {isa = PBXFileReference; explicitFileType = undefined; fileEncoding = 4; includeInIndex = 0; lastKnownFileType = sourcecode.c.h; name = ReaderContentTile.h; path = "cordova-plugin-document-viewer/ReaderContentTile.h"; sourceTree = "<group>"; };
		0523CE4CCF294A49B9D16506 /* SDVReaderMainPagebar.h */ = {isa = PBXFileReference; explicitFileType = undefined; fileEncoding = 4; includeInIndex = 0; lastKnownFileType = sourcecode.c.h; name = SDVReaderMainPagebar.h; path = "cordova-plugin-document-viewer/SDVReaderMainPagebar.h"; sourceTree = "<group>"; };
		05620C71204847868B06A8F9 /* SDVThumbsViewController.h */ = {isa = PBXFileReference; explicitFileType = undefined; fileEncoding = 4; includeInIndex = 0; lastKnownFileType = sourcecode.c.h; name = SDVThumbsViewController.h; path = "cordova-plugin-document-viewer/SDVThumbsViewController.h"; sourceTree = "<group>"; };
		0DD09A374D4841F98AFC7BD9 /* ThumbsViewController.h */ = {isa = PBXFileReference; explicitFileType = undefined; fileEncoding = 4; includeInIndex = 0; lastKnownFileType = sourcecode.c.h; name = ThumbsViewController.h; path = "cordova-plugin-document-viewer/ThumbsViewController.h"; sourceTree = "<group>"; };
		0E73E990259D48179264F1AB /* ReaderMainToolbar.m */ = {isa = PBXFileReference; explicitFileType = undefined; fileEncoding = 4; includeInIndex = 0; lastKnownFileType = sourcecode.c.objc; name = ReaderMainToolbar.m; path = "cordova-plugin-document-viewer/ReaderMainToolbar.m"; sourceTree = "<group>"; };
		0FE1C71280204896AC49BB85 /* CDVLocation.h */ = {isa = PBXFileReference; explicitFileType = undefined; fileEncoding = 4; includeInIndex = 0; lastKnownFileType = sourcecode.c.h; name = CDVLocation.h; path = "cordova-plugin-geolocation/CDVLocation.h"; sourceTree = "<group>"; };
		107D1D7660CB4528B869D61A /* AppVersion.h */ = {isa = PBXFileReference; explicitFileType = undefined; fileEncoding = 4; includeInIndex = 0; lastKnownFileType = sourcecode.c.h; name = AppVersion.h; path = "cordova-plugin-app-version/AppVersion.h"; sourceTree = "<group>"; };
		10C22728685B4574A7BD416B /* ReaderContentView.h */ = {isa = PBXFileReference; explicitFileType = undefined; fileEncoding = 4; includeInIndex = 0; lastKnownFileType = sourcecode.c.h; name = ReaderContentView.h; path = "cordova-plugin-document-viewer/ReaderContentView.h"; sourceTree = "<group>"; };
		130DDE441BFE430486BDB644 /* SDVReader-DoublePage@2x.png */ = {isa = PBXFileReference; explicitFileType = undefined; fileEncoding = 9; includeInIndex = 0; lastKnownFileType = unknown; path = "SDVReader-DoublePage@2x.png"; sourceTree = "<group>"; };
		1351E29318974B958CC3B1F8 /* SDVReader-Outline.png */ = {isa = PBXFileReference; explicitFileType = undefined; fileEncoding = 9; includeInIndex = 0; lastKnownFileType = unknown; path = "SDVReader-Outline.png"; sourceTree = "<group>"; };
		1402ED21A9F448F79D7F4025 /* CDVInAppBrowser.h */ = {isa = PBXFileReference; explicitFileType = undefined; fileEncoding = 4; includeInIndex = 0; lastKnownFileType = sourcecode.c.h; name = CDVInAppBrowser.h; path = "custom-inappbrowser-plugin/CDVInAppBrowser.h"; sourceTree = "<group>"; };
		14E7E1F5921842FF8B6C291A /* ThumbsMainToolbar+SDVThumbsMainToolbarPassThrough.h */ = {isa = PBXFileReference; explicitFileType = undefined; fileEncoding = 4; includeInIndex = 0; lastKnownFileType = sourcecode.c.h; name = "ThumbsMainToolbar+SDVThumbsMainToolbarPassThrough.h"; path = "cordova-plugin-document-viewer/ThumbsMainToolbar+SDVThumbsMainToolbarPassThrough.h"; sourceTree = "<group>"; };
		1A317F010E7747C58D48C896 /* ExRHMEncrypt.m */ = {isa = PBXFileReference; explicitFileType = undefined; fileEncoding = 4; includeInIndex = 0; lastKnownFileType = sourcecode.c.objc; name = ExRHMEncrypt.m; path = aes.encrypt/ExRHMEncrypt.m; sourceTree = "<group>"; };
		1D3623240D0F684500981E51 /* AppDelegate.h */ = {isa = PBXFileReference; fileEncoding = 4; lastKnownFileType = sourcecode.c.h; path = AppDelegate.h; sourceTree = "<group>"; };
		1D3623250D0F684500981E51 /* AppDelegate.m */ = {isa = PBXFileReference; fileEncoding = 4; lastKnownFileType = sourcecode.c.objc; path = AppDelegate.m; sourceTree = "<group>"; };
		1D6058910D05DD3D006BFB54 /* MyKia_cordova.app */ = {isa = PBXFileReference; explicitFileType = wrapper.application; includeInIndex = 0; path = MyKia_cordova.app; sourceTree = BUILT_PRODUCTS_DIR; };
		1E307D3B447F4FEDB1389CAF /* SDVReader-SinglePage.png */ = {isa = PBXFileReference; explicitFileType = undefined; fileEncoding = 9; includeInIndex = 0; lastKnownFileType = unknown; path = "SDVReader-SinglePage.png"; sourceTree = "<group>"; };
		1E5F2A0794EA4C9EACCE4D9A /* ReaderThumbRender.m */ = {isa = PBXFileReference; explicitFileType = undefined; fileEncoding = 4; includeInIndex = 0; lastKnownFileType = sourcecode.c.objc; name = ReaderThumbRender.m; path = "cordova-plugin-document-viewer/ReaderThumbRender.m"; sourceTree = "<group>"; };
		1FE6A69FA5FC44B38FCEC06E /* Reader-Export@2x.png */ = {isa = PBXFileReference; explicitFileType = undefined; fileEncoding = 9; includeInIndex = 0; lastKnownFileType = unknown; path = "Reader-Export@2x.png"; sourceTree = "<group>"; };
		2381A012D5F04439B26BC908 /* SDVReaderContentViewDoublePage.m */ = {isa = PBXFileReference; explicitFileType = undefined; fileEncoding = 4; includeInIndex = 0; lastKnownFileType = sourcecode.c.objc; name = SDVReaderContentViewDoublePage.m; path = "cordova-plugin-document-viewer/SDVReaderContentViewDoublePage.m"; sourceTree = "<group>"; };
		258C4F246A3F4D5EB45B1449 /* Reader-Button-H.png */ = {isa = PBXFileReference; explicitFileType = undefined; fileEncoding = 9; includeInIndex = 0; lastKnownFileType = unknown; path = "Reader-Button-H.png"; sourceTree = "<group>"; };
		25A74DDDED4A4D42A27BAE7A /* ReaderThumbQueue.m */ = {isa = PBXFileReference; explicitFileType = undefined; fileEncoding = 4; includeInIndex = 0; lastKnownFileType = sourcecode.c.objc; name = ReaderThumbQueue.m; path = "cordova-plugin-document-viewer/ReaderThumbQueue.m"; sourceTree = "<group>"; };
		2744C55441324DAD95F74CE5 /* startApp.m */ = {isa = PBXFileReference; explicitFileType = undefined; fileEncoding = 4; includeInIndex = 0; lastKnownFileType = sourcecode.c.objc; name = startApp.m; path = com.lampa.startapp/startApp.m; sourceTree = "<group>"; };
		2781375B5B494C2EAFF3841B /* ReaderMainPagebar.h */ = {isa = PBXFileReference; explicitFileType = undefined; fileEncoding = 4; includeInIndex = 0; lastKnownFileType = sourcecode.c.h; name = ReaderMainPagebar.h; path = "cordova-plugin-document-viewer/ReaderMainPagebar.h"; sourceTree = "<group>"; };
		283EAF6AAB374659A38F0BFD /* ReaderThumbRequest.m */ = {isa = PBXFileReference; explicitFileType = undefined; fileEncoding = 4; includeInIndex = 0; lastKnownFileType = sourcecode.c.objc; name = ReaderThumbRequest.m; path = "cordova-plugin-document-viewer/ReaderThumbRequest.m"; sourceTree = "<group>"; };
		2971CB3932F54CD7830AA81E /* ReaderThumbQueue.h */ = {isa = PBXFileReference; explicitFileType = undefined; fileEncoding = 4; includeInIndex = 0; lastKnownFileType = sourcecode.c.h; name = ReaderThumbQueue.h; path = "cordova-plugin-document-viewer/ReaderThumbQueue.h"; sourceTree = "<group>"; };
		29B97316FDCFA39411CA2CEA /* main.m */ = {isa = PBXFileReference; fileEncoding = 4; lastKnownFileType = sourcecode.c.objc; path = main.m; sourceTree = "<group>"; };
		2DD536C821E04087954931EC /* Reader-Thumbs.png */ = {isa = PBXFileReference; explicitFileType = undefined; fileEncoding = 9; includeInIndex = 0; lastKnownFileType = unknown; path = "Reader-Thumbs.png"; sourceTree = "<group>"; };
		3013CA203E72461DAB54E0C8 /* CDVLocalFilesystem.m */ = {isa = PBXFileReference; explicitFileType = undefined; fileEncoding = 4; includeInIndex = 0; lastKnownFileType = sourcecode.c.objc; name = CDVLocalFilesystem.m; path = "cordova-plugin-file/CDVLocalFilesystem.m"; sourceTree = "<group>"; };
		301BF52D109A57CC0062928A /* CordovaLib/CordovaLib.xcodeproj */ = {isa = PBXFileReference; lastKnownFileType = "wrapper.pb-project"; path = CordovaLib/CordovaLib.xcodeproj; sourceTree = "<group>"; };
		301BF56E109A69640062928A /* www */ = {isa = PBXFileReference; lastKnownFileType = folder; path = www; sourceTree = SOURCE_ROOT; };
		302D95EE14D2391D003F00A1 /* MainViewController.h */ = {isa = PBXFileReference; fileEncoding = 4; lastKnownFileType = sourcecode.c.h; path = MainViewController.h; sourceTree = "<group>"; };
		302D95EF14D2391D003F00A1 /* MainViewController.m */ = {isa = PBXFileReference; fileEncoding = 4; lastKnownFileType = sourcecode.c.objc; path = MainViewController.m; sourceTree = "<group>"; };
		302D95F014D2391D003F00A1 /* MainViewController.xib */ = {isa = PBXFileReference; fileEncoding = 4; lastKnownFileType = file.xib; path = MainViewController.xib; sourceTree = "<group>"; };
		3047A50F1AB8059700498E2A /* build-debug.xcconfig */ = {isa = PBXFileReference; fileEncoding = 4; lastKnownFileType = text.xcconfig; name = "build-debug.xcconfig"; path = "cordova/build-debug.xcconfig"; sourceTree = SOURCE_ROOT; };
		3047A5101AB8059700498E2A /* build-release.xcconfig */ = {isa = PBXFileReference; fileEncoding = 4; lastKnownFileType = text.xcconfig; name = "build-release.xcconfig"; path = "cordova/build-release.xcconfig"; sourceTree = SOURCE_ROOT; };
		3047A5111AB8059700498E2A /* build.xcconfig */ = {isa = PBXFileReference; fileEncoding = 4; lastKnownFileType = text.xcconfig; name = build.xcconfig; path = cordova/build.xcconfig; sourceTree = SOURCE_ROOT; };
		31D851F1E33345F4BFCFE61B /* ReaderThumbRequest.h */ = {isa = PBXFileReference; explicitFileType = undefined; fileEncoding = 4; includeInIndex = 0; lastKnownFileType = sourcecode.c.h; name = ReaderThumbRequest.h; path = "cordova-plugin-document-viewer/ReaderThumbRequest.h"; sourceTree = "<group>"; };
		32CA4F630368D1EE00C91783 /* MyKia_cordova-Prefix.pch */ = {isa = PBXFileReference; fileEncoding = 4; lastKnownFileType = sourcecode.c.h; path = "MyKia_cordova-Prefix.pch"; sourceTree = "<group>"; };
		337C1DFEE71F489B88A12CA5 /* SDVThumbsMainToolbar.m */ = {isa = PBXFileReference; explicitFileType = undefined; fileEncoding = 4; includeInIndex = 0; lastKnownFileType = sourcecode.c.objc; name = SDVThumbsMainToolbar.m; path = "cordova-plugin-document-viewer/SDVThumbsMainToolbar.m"; sourceTree = "<group>"; };
		35AD08341B92461089D63D68 /* SDVReaderMainPagebar.m */ = {isa = PBXFileReference; explicitFileType = undefined; fileEncoding = 4; includeInIndex = 0; lastKnownFileType = sourcecode.c.objc; name = SDVReaderMainPagebar.m; path = "cordova-plugin-document-viewer/SDVReaderMainPagebar.m"; sourceTree = "<group>"; };
		392A8A20E65949AAA2B9A2A6 /* SDVReader-DoublePage.png */ = {isa = PBXFileReference; explicitFileType = undefined; fileEncoding = 9; includeInIndex = 0; lastKnownFileType = unknown; path = "SDVReader-DoublePage.png"; sourceTree = "<group>"; };
		431BDCE608D34BE298CF6ED5 /* ReaderDocument.h */ = {isa = PBXFileReference; explicitFileType = undefined; fileEncoding = 4; includeInIndex = 0; lastKnownFileType = sourcecode.c.h; name = ReaderDocument.h; path = "cordova-plugin-document-viewer/ReaderDocument.h"; sourceTree = "<group>"; };
		437FC9454A2C4B08BF026F14 /* ReaderContentTile.m */ = {isa = PBXFileReference; explicitFileType = undefined; fileEncoding = 4; includeInIndex = 0; lastKnownFileType = sourcecode.c.objc; name = ReaderContentTile.m; path = "cordova-plugin-document-viewer/ReaderContentTile.m"; sourceTree = "<group>"; };
		450D693F286F4330B9C8AF89 /* CDVLocalFilesystem.h */ = {isa = PBXFileReference; explicitFileType = undefined; fileEncoding = 4; includeInIndex = 0; lastKnownFileType = sourcecode.c.h; name = CDVLocalFilesystem.h; path = "cordova-plugin-file/CDVLocalFilesystem.h"; sourceTree = "<group>"; };
		4532B91E464B4D04B663A261 /* ReaderThumbFetch.h */ = {isa = PBXFileReference; explicitFileType = undefined; fileEncoding = 4; includeInIndex = 0; lastKnownFileType = sourcecode.c.h; name = ReaderThumbFetch.h; path = "cordova-plugin-document-viewer/ReaderThumbFetch.h"; sourceTree = "<group>"; };
		45FA95B2A4F84AD79C0332AB /* CGPDFDocument.h */ = {isa = PBXFileReference; explicitFileType = undefined; fileEncoding = 4; includeInIndex = 0; lastKnownFileType = sourcecode.c.h; name = CGPDFDocument.h; path = "cordova-plugin-document-viewer/CGPDFDocument.h"; sourceTree = "<group>"; };
		49CE4CFC59644B7295BD9E3A /* SDVThumbsViewController.m */ = {isa = PBXFileReference; explicitFileType = undefined; fileEncoding = 4; includeInIndex = 0; lastKnownFileType = sourcecode.c.objc; name = SDVThumbsViewController.m; path = "cordova-plugin-document-viewer/SDVThumbsViewController.m"; sourceTree = "<group>"; };
		4BF8E4A48D59461B864D103C /* SDVReaderMainToolbar.m */ = {isa = PBXFileReference; explicitFileType = undefined; fileEncoding = 4; includeInIndex = 0; lastKnownFileType = sourcecode.c.objc; name = SDVReaderMainToolbar.m; path = "cordova-plugin-document-viewer/SDVReaderMainToolbar.m"; sourceTree = "<group>"; };
		4ED73468E41049A1AABAF653 /* ReaderDocumentOutline.m */ = {isa = PBXFileReference; explicitFileType = undefined; fileEncoding = 4; includeInIndex = 0; lastKnownFileType = sourcecode.c.objc; name = ReaderDocumentOutline.m; path = "cordova-plugin-document-viewer/ReaderDocumentOutline.m"; sourceTree = "<group>"; };
		528A58F8F6AA48C9A3F42941 /* ReaderConstants.m */ = {isa = PBXFileReference; explicitFileType = undefined; fileEncoding = 4; includeInIndex = 0; lastKnownFileType = sourcecode.c.objc; name = ReaderConstants.m; path = "cordova-plugin-document-viewer/ReaderConstants.m"; sourceTree = "<group>"; };
		537C24B4485F4FDEA02A8EBF /* CDVNotification.m */ = {isa = PBXFileReference; explicitFileType = undefined; fileEncoding = 4; includeInIndex = 0; lastKnownFileType = sourcecode.c.objc; name = CDVNotification.m; path = "cordova-plugin-dialogs/CDVNotification.m"; sourceTree = "<group>"; };
		55AD22160118420CAA7B5A4B /* ReaderMainPagebar.m */ = {isa = PBXFileReference; explicitFileType = undefined; fileEncoding = 4; includeInIndex = 0; lastKnownFileType = sourcecode.c.objc; name = ReaderMainPagebar.m; path = "cordova-plugin-document-viewer/ReaderMainPagebar.m"; sourceTree = "<group>"; };
		56E35E2DEAA44A0D869E72E4 /* SDVReaderViewController.m */ = {isa = PBXFileReference; explicitFileType = undefined; fileEncoding = 4; includeInIndex = 0; lastKnownFileType = sourcecode.c.objc; name = SDVReaderViewController.m; path = "cordova-plugin-document-viewer/SDVReaderViewController.m"; sourceTree = "<group>"; };
		57257C244CC84D4AB97CF0BE /* SitewaertsDocumentViewer.h */ = {isa = PBXFileReference; explicitFileType = undefined; fileEncoding = 4; includeInIndex = 0; lastKnownFileType = sourcecode.c.h; name = SitewaertsDocumentViewer.h; path = "cordova-plugin-document-viewer/SitewaertsDocumentViewer.h"; sourceTree = "<group>"; };
		5A2BF0272C9B45DFA2D2A9E6 /* Reader-Thumbs@2x.png */ = {isa = PBXFileReference; explicitFileType = undefined; fileEncoding = 9; includeInIndex = 0; lastKnownFileType = unknown; path = "Reader-Thumbs@2x.png"; sourceTree = "<group>"; };
		5B853A86C26B4ED8A53C8288 /* CDVAssetLibraryFilesystem.h */ = {isa = PBXFileReference; explicitFileType = undefined; fileEncoding = 4; includeInIndex = 0; lastKnownFileType = sourcecode.c.h; name = CDVAssetLibraryFilesystem.h; path = "cordova-plugin-file/CDVAssetLibraryFilesystem.h"; sourceTree = "<group>"; };
		5BC36B3396B74D5DA2B397F3 /* CFCallNumber.h */ = {isa = PBXFileReference; explicitFileType = undefined; fileEncoding = 4; includeInIndex = 0; lastKnownFileType = sourcecode.c.h; name = CFCallNumber.h; path = "call-number/CFCallNumber.h"; sourceTree = "<group>"; };
		5F0A30C2783E40009B63832D /* SitewaertsDocumentViewer.m */ = {isa = PBXFileReference; explicitFileType = undefined; fileEncoding = 4; includeInIndex = 0; lastKnownFileType = sourcecode.c.objc; name = SitewaertsDocumentViewer.m; path = "cordova-plugin-document-viewer/SitewaertsDocumentViewer.m"; sourceTree = "<group>"; };
		5F8ADE30EA0B490B81E4BAD4 /* Reader-Export.png */ = {isa = PBXFileReference; explicitFileType = undefined; fileEncoding = 9; includeInIndex = 0; lastKnownFileType = unknown; path = "Reader-Export.png"; sourceTree = "<group>"; };
		62DA880C046F4F9A9730003D /* Reader-Email@2x.png */ = {isa = PBXFileReference; explicitFileType = undefined; fileEncoding = 9; includeInIndex = 0; lastKnownFileType = unknown; path = "Reader-Email@2x.png"; sourceTree = "<group>"; };
		6304E3CEF86B4A2C84EBABDB /* ReaderThumbsView.h */ = {isa = PBXFileReference; explicitFileType = undefined; fileEncoding = 4; includeInIndex = 0; lastKnownFileType = sourcecode.c.h; name = ReaderThumbsView.h; path = "cordova-plugin-document-viewer/ReaderThumbsView.h"; sourceTree = "<group>"; };
		631600AAB63F4B5CA8D96DCB /* ReaderViewController+SDVReaderViewControllerPassThrough.h */ = {isa = PBXFileReference; explicitFileType = undefined; fileEncoding = 4; includeInIndex = 0; lastKnownFileType = sourcecode.c.h; name = "ReaderViewController+SDVReaderViewControllerPassThrough.h"; path = "cordova-plugin-document-viewer/ReaderViewController+SDVReaderViewControllerPassThrough.h"; sourceTree = "<group>"; };
		65D522ABA4A54F61BF46A33C /* CDVNotification.bundle */ = {isa = PBXFileReference; explicitFileType = undefined; fileEncoding = 9; includeInIndex = 0; lastKnownFileType = "wrapper.plug-in"; path = CDVNotification.bundle; sourceTree = "<group>"; };
		672C9D8F5A13492197804C5E /* ImageIO.framework */ = {isa = PBXFileReference; explicitFileType = undefined; fileEncoding = 9; includeInIndex = 0; lastKnownFileType = wrapper.framework; name = ImageIO.framework; path = System/Library/Frameworks/ImageIO.framework; sourceTree = SDKROOT; };
		69EEACDC6BD64A1B874A39B4 /* CDVAssetLibraryFilesystem.m */ = {isa = PBXFileReference; explicitFileType = undefined; fileEncoding = 4; includeInIndex = 0; lastKnownFileType = sourcecode.c.objc; name = CDVAssetLibraryFilesystem.m; path = "cordova-plugin-file/CDVAssetLibraryFilesystem.m"; sourceTree = "<group>"; };
		6AFF5BF81D6E424B00AB3073 /* CDVLaunchScreen.storyboard */ = {isa = PBXFileReference; fileEncoding = 4; lastKnownFileType = file.storyboard; name = CDVLaunchScreen.storyboard; path = MyKia_cordova/CDVLaunchScreen.storyboard; sourceTree = SOURCE_ROOT; };
		72368F5F19334D5EA8B9E473 /* CDVFile.m */ = {isa = PBXFileReference; explicitFileType = undefined; fileEncoding = 4; includeInIndex = 0; lastKnownFileType = sourcecode.c.objc; name = CDVFile.m; path = "cordova-plugin-file/CDVFile.m"; sourceTree = "<group>"; };
		724A50360D0947409D771558 /* Reader-Mark-N.png */ = {isa = PBXFileReference; explicitFileType = undefined; fileEncoding = 9; includeInIndex = 0; lastKnownFileType = unknown; path = "Reader-Mark-N.png"; sourceTree = "<group>"; };
		73A63CFDFC88493984A8F954 /* CDVFile.h */ = {isa = PBXFileReference; explicitFileType = undefined; fileEncoding = 4; includeInIndex = 0; lastKnownFileType = sourcecode.c.h; name = CDVFile.h; path = "cordova-plugin-file/CDVFile.h"; sourceTree = "<group>"; };
		77DA3CA9428945B3801BA917 /* ReaderConstants.h */ = {isa = PBXFileReference; explicitFileType = undefined; fileEncoding = 4; includeInIndex = 0; lastKnownFileType = sourcecode.c.h; name = ReaderConstants.h; path = "cordova-plugin-document-viewer/ReaderConstants.h"; sourceTree = "<group>"; };
		79135573768348B98F7CE887 /* ThumbsViewController+SDVThumbsViewControllerPassThrough.m */ = {isa = PBXFileReference; explicitFileType = undefined; fileEncoding = 4; includeInIndex = 0; lastKnownFileType = sourcecode.c.objc; name = "ThumbsViewController+SDVThumbsViewControllerPassThrough.m"; path = "cordova-plugin-document-viewer/ThumbsViewController+SDVThumbsViewControllerPassThrough.m"; sourceTree = "<group>"; };
		7A6D86D5BD6A4107A181CAD9 /* CDVInAppBrowser.m */ = {isa = PBXFileReference; explicitFileType = undefined; fileEncoding = 4; includeInIndex = 0; lastKnownFileType = sourcecode.c.objc; name = CDVInAppBrowser.m; path = "custom-inappbrowser-plugin/CDVInAppBrowser.m"; sourceTree = "<group>"; };
		7C949D479753447DBEE57B21 /* ThumbsMainToolbar.h */ = {isa = PBXFileReference; explicitFileType = undefined; fileEncoding = 4; includeInIndex = 0; lastKnownFileType = sourcecode.c.h; name = ThumbsMainToolbar.h; path = "cordova-plugin-document-viewer/ThumbsMainToolbar.h"; sourceTree = "<group>"; };
		7DD771459405422B912459DC /* startApp.h */ = {isa = PBXFileReference; explicitFileType = undefined; fileEncoding = 4; includeInIndex = 0; lastKnownFileType = sourcecode.c.h; name = startApp.h; path = com.lampa.startapp/startApp.h; sourceTree = "<group>"; };
		7E3D3CDD3CBF4B2A8DB1478F /* QuartzCore.framework */ = {isa = PBXFileReference; explicitFileType = undefined; fileEncoding = 9; includeInIndex = 0; lastKnownFileType = wrapper.framework; name = QuartzCore.framework; path = System/Library/Frameworks/QuartzCore.framework; sourceTree = SDKROOT; };
		8216B16B430C4CCE88FA58A6 /* Reader-Print@2x.png */ = {isa = PBXFileReference; explicitFileType = undefined; fileEncoding = 9; includeInIndex = 0; lastKnownFileType = unknown; path = "Reader-Print@2x.png"; sourceTree = "<group>"; };
		822B91F55DED45379FC5FAB4 /* ThumbsViewController.m */ = {isa = PBXFileReference; explicitFileType = undefined; fileEncoding = 4; includeInIndex = 0; lastKnownFileType = sourcecode.c.objc; name = ThumbsViewController.m; path = "cordova-plugin-document-viewer/ThumbsViewController.m"; sourceTree = "<group>"; };
		82997A901DF84C9C99BB65CE /* Reader-Button-N@2x.png */ = {isa = PBXFileReference; explicitFileType = undefined; fileEncoding = 9; includeInIndex = 0; lastKnownFileType = unknown; path = "Reader-Button-N@2x.png"; sourceTree = "<group>"; };
		83D83F475A4F4D769261B140 /* ReaderDocumentOutline.h */ = {isa = PBXFileReference; explicitFileType = undefined; fileEncoding = 4; includeInIndex = 0; lastKnownFileType = sourcecode.c.h; name = ReaderDocumentOutline.h; path = "cordova-plugin-document-viewer/ReaderDocumentOutline.h"; sourceTree = "<group>"; };
		860D11D1F9E04B9391B411C5 /* ReaderThumbCache.h */ = {isa = PBXFileReference; explicitFileType = undefined; fileEncoding = 4; includeInIndex = 0; lastKnownFileType = sourcecode.c.h; name = ReaderThumbCache.h; path = "cordova-plugin-document-viewer/ReaderThumbCache.h"; sourceTree = "<group>"; };
		87AF5C672CB948999F9F1BEA /* SDVReaderMainToolbar.h */ = {isa = PBXFileReference; explicitFileType = undefined; fileEncoding = 4; includeInIndex = 0; lastKnownFileType = sourcecode.c.h; name = SDVReaderMainToolbar.h; path = "cordova-plugin-document-viewer/SDVReaderMainToolbar.h"; sourceTree = "<group>"; };
		881826253FD242B09FA0A4E6 /* ReaderMainToolbar+SDVReaderMainToolbarPassThrough.h */ = {isa = PBXFileReference; explicitFileType = undefined; fileEncoding = 4; includeInIndex = 0; lastKnownFileType = sourcecode.c.h; name = "ReaderMainToolbar+SDVReaderMainToolbarPassThrough.h"; path = "cordova-plugin-document-viewer/ReaderMainToolbar+SDVReaderMainToolbarPassThrough.h"; sourceTree = "<group>"; };
		88C704BA105A4DA5BD0B731C /* UIXToolbarView.m */ = {isa = PBXFileReference; explicitFileType = undefined; fileEncoding = 4; includeInIndex = 0; lastKnownFileType = sourcecode.c.objc; name = UIXToolbarView.m; path = "cordova-plugin-document-viewer/UIXToolbarView.m"; sourceTree = "<group>"; };
		8963900D10734AA09E9A81BD /* UIXToolbarView.h */ = {isa = PBXFileReference; explicitFileType = undefined; fileEncoding = 4; includeInIndex = 0; lastKnownFileType = sourcecode.c.h; name = UIXToolbarView.h; path = "cordova-plugin-document-viewer/UIXToolbarView.h"; sourceTree = "<group>"; };
		8D1107310486CEB800E47090 /* MyKia_cordova-Info.plist */ = {isa = PBXFileReference; fileEncoding = 4; lastKnownFileType = text.plist.xml; name = "MyKia_cordova-Info.plist"; path = "MyKia_cordova/MyKia_cordova-Info.plist"; plistStructureDefinitionIdentifier = "com.apple.xcode.plist.structure-definition.iphone.info-plist"; sourceTree = SOURCE_ROOT; };
		8D323745DEC643DFA3007D47 /* SDVReaderContentViewDoublePage.h */ = {isa = PBXFileReference; explicitFileType = undefined; fileEncoding = 4; includeInIndex = 0; lastKnownFileType = sourcecode.c.h; name = SDVReaderContentViewDoublePage.h; path = "cordova-plugin-document-viewer/SDVReaderContentViewDoublePage.h"; sourceTree = "<group>"; };
		8DC26CFB9A66456397C5197E /* ReaderThumbRender.h */ = {isa = PBXFileReference; explicitFileType = undefined; fileEncoding = 4; includeInIndex = 0; lastKnownFileType = sourcecode.c.h; name = ReaderThumbRender.h; path = "cordova-plugin-document-viewer/ReaderThumbRender.h"; sourceTree = "<group>"; };
		95392CC35E7E4E68A1924279 /* ReaderMainToolbar.h */ = {isa = PBXFileReference; explicitFileType = undefined; fileEncoding = 4; includeInIndex = 0; lastKnownFileType = sourcecode.c.h; name = ReaderMainToolbar.h; path = "cordova-plugin-document-viewer/ReaderMainToolbar.h"; sourceTree = "<group>"; };
		957C33CEBF7A46F4B1C53F14 /* ReaderContentView.m */ = {isa = PBXFileReference; explicitFileType = undefined; fileEncoding = 4; includeInIndex = 0; lastKnownFileType = sourcecode.c.objc; name = ReaderContentView.m; path = "cordova-plugin-document-viewer/ReaderContentView.m"; sourceTree = "<group>"; };
		98ABE5E6F2C24D5EB620CF42 /* Foundation.framework */ = {isa = PBXFileReference; explicitFileType = undefined; fileEncoding = 9; includeInIndex = 0; lastKnownFileType = wrapper.framework; name = Foundation.framework; path = System/Library/Frameworks/Foundation.framework; sourceTree = SDKROOT; };
		9CE1245A189E4AEB96887094 /* Reader-Button-H@2x.png */ = {isa = PBXFileReference; explicitFileType = undefined; fileEncoding = 9; includeInIndex = 0; lastKnownFileType = unknown; path = "Reader-Button-H@2x.png"; sourceTree = "<group>"; };
		9DAB1FAEFADB4A1D85F3E0C6 /* Reader-Button-N.png */ = {isa = PBXFileReference; explicitFileType = undefined; fileEncoding = 9; includeInIndex = 0; lastKnownFileType = unknown; path = "Reader-Button-N.png"; sourceTree = "<group>"; };
		9F2C3409AFCC423B8C927340 /* ReaderViewController.h */ = {isa = PBXFileReference; explicitFileType = undefined; fileEncoding = 4; includeInIndex = 0; lastKnownFileType = sourcecode.c.h; name = ReaderViewController.h; path = "cordova-plugin-document-viewer/ReaderViewController.h"; sourceTree = "<group>"; };
		9F78E96402E64505BE5DDB78 /* ReaderDocument.m */ = {isa = PBXFileReference; explicitFileType = undefined; fileEncoding = 4; includeInIndex = 0; lastKnownFileType = sourcecode.c.objc; name = ReaderDocument.m; path = "cordova-plugin-document-viewer/ReaderDocument.m"; sourceTree = "<group>"; };
		A141F6E9ED944568BAFAD837 /* SDVReaderViewController.h */ = {isa = PBXFileReference; explicitFileType = undefined; fileEncoding = 4; includeInIndex = 0; lastKnownFileType = sourcecode.c.h; name = SDVReaderViewController.h; path = "cordova-plugin-document-viewer/SDVReaderViewController.h"; sourceTree = "<group>"; };
		A27FDAD4A99749B296B4377F /* UIKit.framework */ = {isa = PBXFileReference; explicitFileType = undefined; fileEncoding = 9; includeInIndex = 0; lastKnownFileType = wrapper.framework; name = UIKit.framework; path = System/Library/Frameworks/UIKit.framework; sourceTree = SDKROOT; };
		A437A8ABF3884AA6835A8F0A /* SDVReader-CoverPage@2x.png */ = {isa = PBXFileReference; explicitFileType = undefined; fileEncoding = 9; includeInIndex = 0; lastKnownFileType = unknown; path = "SDVReader-CoverPage@2x.png"; sourceTree = "<group>"; };
		A53E168FB6D4484A95C69E20 /* Reader-Mark-Y.png */ = {isa = PBXFileReference; explicitFileType = undefined; fileEncoding = 9; includeInIndex = 0; lastKnownFileType = unknown; path = "Reader-Mark-Y.png"; sourceTree = "<group>"; };
		A6EE0DE0FDAE4C84BEA0365A /* Default-568h@2x.png */ = {isa = PBXFileReference; explicitFileType = undefined; fileEncoding = 9; includeInIndex = 0; lastKnownFileType = unknown; path = "Default-568h@2x.png"; sourceTree = "<group>"; };
		AA28E161B3EC4E9B88472C0B /* SDVReader-CoverPage.png */ = {isa = PBXFileReference; explicitFileType = undefined; fileEncoding = 9; includeInIndex = 0; lastKnownFileType = unknown; path = "SDVReader-CoverPage.png"; sourceTree = "<group>"; };
		AB4AFEE0F29D429484380926 /* Reader-Mark-Y@2x.png */ = {isa = PBXFileReference; explicitFileType = undefined; fileEncoding = 9; includeInIndex = 0; lastKnownFileType = unknown; path = "Reader-Mark-Y@2x.png"; sourceTree = "<group>"; };
		AF3FA92C0F63409EB7020DEE /* SDVThumbsMainToolbar.h */ = {isa = PBXFileReference; explicitFileType = undefined; fileEncoding = 4; includeInIndex = 0; lastKnownFileType = sourcecode.c.h; name = SDVThumbsMainToolbar.h; path = "cordova-plugin-document-viewer/SDVThumbsMainToolbar.h"; sourceTree = "<group>"; };
		B32D697498314D8682E992B9 /* ReaderThumbFetch.m */ = {isa = PBXFileReference; explicitFileType = undefined; fileEncoding = 4; includeInIndex = 0; lastKnownFileType = sourcecode.c.objc; name = ReaderThumbFetch.m; path = "cordova-plugin-document-viewer/ReaderThumbFetch.m"; sourceTree = "<group>"; };
		B4A4F58A9F3F4D4AAC7A1851 /* CFCallNumber.m */ = {isa = PBXFileReference; explicitFileType = undefined; fileEncoding = 4; includeInIndex = 0; lastKnownFileType = sourcecode.c.objc; name = CFCallNumber.m; path = "call-number/CFCallNumber.m"; sourceTree = "<group>"; };
		B4F91311E0304BF28576BECA /* CDVNotification.h */ = {isa = PBXFileReference; explicitFileType = undefined; fileEncoding = 4; includeInIndex = 0; lastKnownFileType = sourcecode.c.h; name = CDVNotification.h; path = "cordova-plugin-dialogs/CDVNotification.h"; sourceTree = "<group>"; };
		B6493167C9CE42B7931BC0DC /* CDVLocation.m */ = {isa = PBXFileReference; explicitFileType = undefined; fileEncoding = 4; includeInIndex = 0; lastKnownFileType = sourcecode.c.objc; name = CDVLocation.m; path = "cordova-plugin-geolocation/CDVLocation.m"; sourceTree = "<group>"; };
		B773B15819454442B656DCFD /* ReaderThumbsView.m */ = {isa = PBXFileReference; explicitFileType = undefined; fileEncoding = 4; includeInIndex = 0; lastKnownFileType = sourcecode.c.objc; name = ReaderThumbsView.m; path = "cordova-plugin-document-viewer/ReaderThumbsView.m"; sourceTree = "<group>"; };
		BD41AF04751C453192B04E99 /* AppVersion.m */ = {isa = PBXFileReference; explicitFileType = undefined; fileEncoding = 4; includeInIndex = 0; lastKnownFileType = sourcecode.c.objc; name = AppVersion.m; path = "cordova-plugin-app-version/AppVersion.m"; sourceTree = "<group>"; };
		BF2915B281DD4AD0A71C8DAE /* ReaderViewController.m */ = {isa = PBXFileReference; explicitFileType = undefined; fileEncoding = 4; includeInIndex = 0; lastKnownFileType = sourcecode.c.objc; name = ReaderViewController.m; path = "cordova-plugin-document-viewer/ReaderViewController.m"; sourceTree = "<group>"; };
		BF67A3BEAD1548C2AAC2FB52 /* ThumbsMainToolbar+SDVThumbsMainToolbarPassThrough.m */ = {isa = PBXFileReference; explicitFileType = undefined; fileEncoding = 4; includeInIndex = 0; lastKnownFileType = sourcecode.c.objc; name = "ThumbsMainToolbar+SDVThumbsMainToolbarPassThrough.m"; path = "cordova-plugin-document-viewer/ThumbsMainToolbar+SDVThumbsMainToolbarPassThrough.m"; sourceTree = "<group>"; };
		C0E17CEE5D8646AE831DC324 /* CDVDevice.h */ = {isa = PBXFileReference; explicitFileType = undefined; fileEncoding = 4; includeInIndex = 0; lastKnownFileType = sourcecode.c.h; name = CDVDevice.h; path = "cordova-plugin-device/CDVDevice.h"; sourceTree = "<group>"; };
		C4E5CB5866724C1EA9DD7497 /* Reader-Email.png */ = {isa = PBXFileReference; explicitFileType = undefined; fileEncoding = 9; includeInIndex = 0; lastKnownFileType = unknown; path = "Reader-Email.png"; sourceTree = "<group>"; };
		C692446019A64BCCABB6EF8F /* ReaderContentPage.h */ = {isa = PBXFileReference; explicitFileType = undefined; fileEncoding = 4; includeInIndex = 0; lastKnownFileType = sourcecode.c.h; name = ReaderContentPage.h; path = "cordova-plugin-document-viewer/ReaderContentPage.h"; sourceTree = "<group>"; };
		C9008165584049FFB192704F /* ThumbsViewController+SDVThumbsViewControllerPassThrough.h */ = {isa = PBXFileReference; explicitFileType = undefined; fileEncoding = 4; includeInIndex = 0; lastKnownFileType = sourcecode.c.h; name = "ThumbsViewController+SDVThumbsViewControllerPassThrough.h"; path = "cordova-plugin-document-viewer/ThumbsViewController+SDVThumbsViewControllerPassThrough.h"; sourceTree = "<group>"; };
		CC5C1510F53A48DE846193F8 /* CGPDFDocument.m */ = {isa = PBXFileReference; explicitFileType = undefined; fileEncoding = 4; includeInIndex = 0; lastKnownFileType = sourcecode.c.objc; name = CGPDFDocument.m; path = "cordova-plugin-document-viewer/CGPDFDocument.m"; sourceTree = "<group>"; };
		CF84E4FD8EEA4E82A5AEF8B5 /* ReaderThumbCache.m */ = {isa = PBXFileReference; explicitFileType = undefined; fileEncoding = 4; includeInIndex = 0; lastKnownFileType = sourcecode.c.objc; name = ReaderThumbCache.m; path = "cordova-plugin-document-viewer/ReaderThumbCache.m"; sourceTree = "<group>"; };
		D0B4BD0EA4614AAFBFDC95D5 /* MessageUI.framework */ = {isa = PBXFileReference; explicitFileType = undefined; fileEncoding = 9; includeInIndex = 0; lastKnownFileType = wrapper.framework; name = MessageUI.framework; path = System/Library/Frameworks/MessageUI.framework; sourceTree = SDKROOT; };
		D58EADEB34294602AB9522CF /* CoreLocation.framework */ = {isa = PBXFileReference; explicitFileType = undefined; fileEncoding = 9; includeInIndex = 0; lastKnownFileType = wrapper.framework; name = CoreLocation.framework; path = System/Library/Frameworks/CoreLocation.framework; sourceTree = SDKROOT; };
		DC43FE71E16F4DF78E1C4D1F /* ReaderMainToolbar+SDVReaderMainToolbarPassThrough.m */ = {isa = PBXFileReference; explicitFileType = undefined; fileEncoding = 4; includeInIndex = 0; lastKnownFileType = sourcecode.c.objc; name = "ReaderMainToolbar+SDVReaderMainToolbarPassThrough.m"; path = "cordova-plugin-document-viewer/ReaderMainToolbar+SDVReaderMainToolbarPassThrough.m"; sourceTree = "<group>"; };
		DD0D9AC1FE1B4ABFA392D1F3 /* SDVReader-SinglePage@2x.png */ = {isa = PBXFileReference; explicitFileType = undefined; fileEncoding = 9; includeInIndex = 0; lastKnownFileType = unknown; path = "SDVReader-SinglePage@2x.png"; sourceTree = "<group>"; };
		DFB651855B204E8489752724 /* ExRHMEncrypt.h */ = {isa = PBXFileReference; explicitFileType = undefined; fileEncoding = 4; includeInIndex = 0; lastKnownFileType = sourcecode.c.h; name = ExRHMEncrypt.h; path = aes.encrypt/ExRHMEncrypt.h; sourceTree = "<group>"; };
		E1204B55FC1F45B1B94E1D4A /* SDVReader-Outline@2x.png */ = {isa = PBXFileReference; explicitFileType = undefined; fileEncoding = 9; includeInIndex = 0; lastKnownFileType = unknown; path = "SDVReader-Outline@2x.png"; sourceTree = "<group>"; };
		E3250A55FCF8419695818065 /* AudioToolbox.framework */ = {isa = PBXFileReference; explicitFileType = undefined; fileEncoding = 9; includeInIndex = 0; lastKnownFileType = wrapper.framework; name = AudioToolbox.framework; path = System/Library/Frameworks/AudioToolbox.framework; sourceTree = SDKROOT; };
		EB87FDF31871DA8E0020F90C /* www */ = {isa = PBXFileReference; lastKnownFileType = folder; name = www; path = ../../www; sourceTree = "<group>"; };
		EB87FDF41871DAF40020F90C /* config.xml */ = {isa = PBXFileReference; lastKnownFileType = text.xml; name = config.xml; path = ../../config.xml; sourceTree = "<group>"; };
		ED09127C03834A60B9A9BC0A /* ThumbsMainToolbar.m */ = {isa = PBXFileReference; explicitFileType = undefined; fileEncoding = 4; includeInIndex = 0; lastKnownFileType = sourcecode.c.objc; name = ThumbsMainToolbar.m; path = "cordova-plugin-document-viewer/ThumbsMainToolbar.m"; sourceTree = "<group>"; };
		ED33DF2A687741AEAF9F8254 /* Bridging-Header.h */ = {isa = PBXFileReference; fileEncoding = 4; lastKnownFileType = sourcecode.c.h; path = "Bridging-Header.h"; sourceTree = "<group>"; };
		EDE9BF8114B34AA386E005DD /* ReaderThumbView.h */ = {isa = PBXFileReference; explicitFileType = undefined; fileEncoding = 4; includeInIndex = 0; lastKnownFileType = sourcecode.c.h; name = ReaderThumbView.h; path = "cordova-plugin-document-viewer/ReaderThumbView.h"; sourceTree = "<group>"; };
		F05C21B635884F71932F3F13 /* CDVDevice.m */ = {isa = PBXFileReference; explicitFileType = undefined; fileEncoding = 4; includeInIndex = 0; lastKnownFileType = sourcecode.c.objc; name = CDVDevice.m; path = "cordova-plugin-device/CDVDevice.m"; sourceTree = "<group>"; };
		F25AA609EBEF4DCD946BD5EB /* ReaderThumbView.m */ = {isa = PBXFileReference; explicitFileType = undefined; fileEncoding = 4; includeInIndex = 0; lastKnownFileType = sourcecode.c.objc; name = ReaderThumbView.m; path = "cordova-plugin-document-viewer/ReaderThumbView.m"; sourceTree = "<group>"; };
		F60FDD00460C4054A3EABCC0 /* ReaderViewController+SDVReaderViewControllerPassThrough.m */ = {isa = PBXFileReference; explicitFileType = undefined; fileEncoding = 4; includeInIndex = 0; lastKnownFileType = sourcecode.c.objc; name = "ReaderViewController+SDVReaderViewControllerPassThrough.m"; path = "cordova-plugin-document-viewer/ReaderViewController+SDVReaderViewControllerPassThrough.m"; sourceTree = "<group>"; };
		F701B57AA1884D6BA7C4FFB1 /* ReaderContentPage.m */ = {isa = PBXFileReference; explicitFileType = undefined; fileEncoding = 4; includeInIndex = 0; lastKnownFileType = sourcecode.c.objc; name = ReaderContentPage.m; path = "cordova-plugin-document-viewer/ReaderContentPage.m"; sourceTree = "<group>"; };
		F840E1F0165FE0F500CFE078 /* config.xml */ = {isa = PBXFileReference; lastKnownFileType = text.xml; name = config.xml; path = MyKia_cordova/config.xml; sourceTree = "<group>"; };
		FCAFAEE589F84035A8CA6888 /* Reader-Mark-N@2x.png */ = {isa = PBXFileReference; explicitFileType = undefined; fileEncoding = 9; includeInIndex = 0; lastKnownFileType = unknown; path = "Reader-Mark-N@2x.png"; sourceTree = "<group>"; };
		62931BBD4EE74B64AF62B2B4 /* CDVFileTransfer.m */ = {isa = PBXFileReference; name = "CDVFileTransfer.m"; path = "cordova-plugin-file-transfer/CDVFileTransfer.m"; sourceTree = "<group>"; fileEncoding = 4; lastKnownFileType = sourcecode.c.objc; explicitFileType = undefined; includeInIndex = 0; };
		6F19BDAFB7FA4BF8AA7D4CA4 /* CDVFileTransfer.h */ = {isa = PBXFileReference; name = "CDVFileTransfer.h"; path = "cordova-plugin-file-transfer/CDVFileTransfer.h"; sourceTree = "<group>"; fileEncoding = 4; lastKnownFileType = sourcecode.c.h; explicitFileType = undefined; includeInIndex = 0; };
		AC4D0A44CB63401C97D5AD83 /* FileOpener2.m */ = {isa = PBXFileReference; name = "FileOpener2.m"; path = "cordova-plugin-file-opener2/FileOpener2.m"; sourceTree = "<group>"; fileEncoding = 4; lastKnownFileType = sourcecode.c.objc; explicitFileType = undefined; includeInIndex = 0; };
		091834FF8C9E40408B87C7F3 /* FileOpener2.h */ = {isa = PBXFileReference; name = "FileOpener2.h"; path = "cordova-plugin-file-opener2/FileOpener2.h"; sourceTree = "<group>"; fileEncoding = 4; lastKnownFileType = sourcecode.c.h; explicitFileType = undefined; includeInIndex = 0; };
/* End PBXFileReference section */

/* Begin PBXFrameworksBuildPhase section */
		1D60588F0D05DD3D006BFB54 /* Frameworks */ = {
			isa = PBXFrameworksBuildPhase;
			buildActionMask = 2147483647;
			files = (
				301BF552109A68D80062928A /* libCordova.a in Frameworks */,
				17379FC421DF40CBBCFB3E09 /* libz.tbd in Frameworks */,
				5AC646584054417A85EE2F2F /* UIKit.framework in Frameworks */,
				6B3250F5AC934896B6DD9DE1 /* Foundation.framework in Frameworks */,
				199B196E4B54462AA06D5D5A /* QuartzCore.framework in Frameworks */,
				36EDAA3EC4BC4DAB8CAE6390 /* ImageIO.framework in Frameworks */,
				0E9623FB8172479A91A95B96 /* MessageUI.framework in Frameworks */,
				55770FE23B1446308BA66672 /* AudioToolbox.framework in Frameworks */,
				EC4F8AD263224F93B7AAB680 /* CoreLocation.framework in Frameworks */,
			);
			runOnlyForDeploymentPostprocessing = 0;
		};
/* End PBXFrameworksBuildPhase section */

/* Begin PBXGroup section */
		080E96DDFE201D6D7F000001 /* Classes */ = {
			isa = PBXGroup;
			children = (
				302D95EE14D2391D003F00A1 /* MainViewController.h */,
				302D95EF14D2391D003F00A1 /* MainViewController.m */,
				302D95F014D2391D003F00A1 /* MainViewController.xib */,
				1D3623240D0F684500981E51 /* AppDelegate.h */,
				1D3623250D0F684500981E51 /* AppDelegate.m */,
			);
			name = Classes;
			path = MyKia_cordova/Classes;
			sourceTree = SOURCE_ROOT;
		};
		19C28FACFE9D520D11CA2CBB /* Products */ = {
			isa = PBXGroup;
			children = (
				1D6058910D05DD3D006BFB54 /* MyKia_cordova.app */,
			);
			name = Products;
			sourceTree = "<group>";
		};
		29B97314FDCFA39411CA2CEA /* CustomTemplate */ = {
			isa = PBXGroup;
			children = (
				EB87FDF41871DAF40020F90C /* config.xml */,
				EB87FDF31871DA8E0020F90C /* www */,
				EB87FDF11871DA420020F90C /* Staging */,
				301BF52D109A57CC0062928A /* CordovaLib/CordovaLib.xcodeproj */,
				080E96DDFE201D6D7F000001 /* Classes */,
				307C750510C5A3420062BCA9 /* Plugins */,
				29B97315FDCFA39411CA2CEA /* Other Sources */,
				29B97317FDCFA39411CA2CEA /* Resources */,
				29B97323FDCFA39411CA2CEA /* Frameworks */,
				19C28FACFE9D520D11CA2CBB /* Products */,
			);
			name = CustomTemplate;
			sourceTree = "<group>";
		};
		29B97315FDCFA39411CA2CEA /* Other Sources */ = {
			isa = PBXGroup;
			children = (
				32CA4F630368D1EE00C91783 /* MyKia_cordova-Prefix.pch */,
				29B97316FDCFA39411CA2CEA /* main.m */,
				ED33DF2A687741AEAF9F8254 /* Bridging-Header.h */,
			);
			name = "Other Sources";
			path = MyKia_cordova;
			sourceTree = "<group>";
		};
		29B97317FDCFA39411CA2CEA /* Resources */ = {
			isa = PBXGroup;
			children = (
				0207DA571B56EA530066E2B4 /* Images.xcassets */,
				3047A50E1AB8057F00498E2A /* config */,
				8D1107310486CEB800E47090 /* MyKia_cordova-Info.plist */,
				6AFF5BF81D6E424B00AB3073 /* CDVLaunchScreen.storyboard */,
				A6EE0DE0FDAE4C84BEA0365A /* Default-568h@2x.png */,
				258C4F246A3F4D5EB45B1449 /* Reader-Button-H.png */,
				9CE1245A189E4AEB96887094 /* Reader-Button-H@2x.png */,
				9DAB1FAEFADB4A1D85F3E0C6 /* Reader-Button-N.png */,
				82997A901DF84C9C99BB65CE /* Reader-Button-N@2x.png */,
				C4E5CB5866724C1EA9DD7497 /* Reader-Email.png */,
				62DA880C046F4F9A9730003D /* Reader-Email@2x.png */,
				5F8ADE30EA0B490B81E4BAD4 /* Reader-Export.png */,
				1FE6A69FA5FC44B38FCEC06E /* Reader-Export@2x.png */,
				724A50360D0947409D771558 /* Reader-Mark-N.png */,
				FCAFAEE589F84035A8CA6888 /* Reader-Mark-N@2x.png */,
				A53E168FB6D4484A95C69E20 /* Reader-Mark-Y.png */,
				AB4AFEE0F29D429484380926 /* Reader-Mark-Y@2x.png */,
				03C9227126764382AAC43C1F /* Reader-Print.png */,
				8216B16B430C4CCE88FA58A6 /* Reader-Print@2x.png */,
				2DD536C821E04087954931EC /* Reader-Thumbs.png */,
				5A2BF0272C9B45DFA2D2A9E6 /* Reader-Thumbs@2x.png */,
				AA28E161B3EC4E9B88472C0B /* SDVReader-CoverPage.png */,
				A437A8ABF3884AA6835A8F0A /* SDVReader-CoverPage@2x.png */,
				392A8A20E65949AAA2B9A2A6 /* SDVReader-DoublePage.png */,
				130DDE441BFE430486BDB644 /* SDVReader-DoublePage@2x.png */,
				1351E29318974B958CC3B1F8 /* SDVReader-Outline.png */,
				E1204B55FC1F45B1B94E1D4A /* SDVReader-Outline@2x.png */,
				1E307D3B447F4FEDB1389CAF /* SDVReader-SinglePage.png */,
				DD0D9AC1FE1B4ABFA392D1F3 /* SDVReader-SinglePage@2x.png */,
				65D522ABA4A54F61BF46A33C /* CDVNotification.bundle */,
			);
			name = Resources;
			path = MyKia_cordova/Resources;
			sourceTree = "<group>";
		};
		29B97323FDCFA39411CA2CEA /* Frameworks */ = {
			isa = PBXGroup;
			children = (
				01314F2C0C58459F84814031 /* libz.tbd */,
				A27FDAD4A99749B296B4377F /* UIKit.framework */,
				98ABE5E6F2C24D5EB620CF42 /* Foundation.framework */,
				7E3D3CDD3CBF4B2A8DB1478F /* QuartzCore.framework */,
				672C9D8F5A13492197804C5E /* ImageIO.framework */,
				D0B4BD0EA4614AAFBFDC95D5 /* MessageUI.framework */,
				E3250A55FCF8419695818065 /* AudioToolbox.framework */,
				D58EADEB34294602AB9522CF /* CoreLocation.framework */,
			);
			name = Frameworks;
			sourceTree = "<group>";
		};
		301BF52E109A57CC0062928A /* Products */ = {
			isa = PBXGroup;
			children = (
				301BF535109A57CC0062928A /* libCordova.a */,
				55EE3843206CDABD00A7EB4A /* Cordova.framework */,
			);
			name = Products;
			sourceTree = "<group>";
		};
		3047A50E1AB8057F00498E2A /* config */ = {
			isa = PBXGroup;
			children = (
				3047A50F1AB8059700498E2A /* build-debug.xcconfig */,
				3047A5101AB8059700498E2A /* build-release.xcconfig */,
				3047A5111AB8059700498E2A /* build.xcconfig */,
			);
			name = config;
			sourceTree = "<group>";
		};
		307C750510C5A3420062BCA9 /* Plugins */ = {
			isa = PBXGroup;
			children = (
				1A317F010E7747C58D48C896 /* ExRHMEncrypt.m */,
				DFB651855B204E8489752724 /* ExRHMEncrypt.h */,
				B4A4F58A9F3F4D4AAC7A1851 /* CFCallNumber.m */,
				5BC36B3396B74D5DA2B397F3 /* CFCallNumber.h */,
				2744C55441324DAD95F74CE5 /* startApp.m */,
				7DD771459405422B912459DC /* startApp.h */,
				BD41AF04751C453192B04E99 /* AppVersion.m */,
				107D1D7660CB4528B869D61A /* AppVersion.h */,
				F05C21B635884F71932F3F13 /* CDVDevice.m */,
				C0E17CEE5D8646AE831DC324 /* CDVDevice.h */,
				7A6D86D5BD6A4107A181CAD9 /* CDVInAppBrowser.m */,
				1402ED21A9F448F79D7F4025 /* CDVInAppBrowser.h */,
				72368F5F19334D5EA8B9E473 /* CDVFile.m */,
				3013CA203E72461DAB54E0C8 /* CDVLocalFilesystem.m */,
				69EEACDC6BD64A1B874A39B4 /* CDVAssetLibraryFilesystem.m */,
				73A63CFDFC88493984A8F954 /* CDVFile.h */,
				450D693F286F4330B9C8AF89 /* CDVLocalFilesystem.h */,
				5B853A86C26B4ED8A53C8288 /* CDVAssetLibraryFilesystem.h */,
				5F0A30C2783E40009B63832D /* SitewaertsDocumentViewer.m */,
				CC5C1510F53A48DE846193F8 /* CGPDFDocument.m */,
				528A58F8F6AA48C9A3F42941 /* ReaderConstants.m */,
				F701B57AA1884D6BA7C4FFB1 /* ReaderContentPage.m */,
				437FC9454A2C4B08BF026F14 /* ReaderContentTile.m */,
				957C33CEBF7A46F4B1C53F14 /* ReaderContentView.m */,
				9F78E96402E64505BE5DDB78 /* ReaderDocument.m */,
				4ED73468E41049A1AABAF653 /* ReaderDocumentOutline.m */,
				55AD22160118420CAA7B5A4B /* ReaderMainPagebar.m */,
				0E73E990259D48179264F1AB /* ReaderMainToolbar.m */,
				DC43FE71E16F4DF78E1C4D1F /* ReaderMainToolbar+SDVReaderMainToolbarPassThrough.m */,
				CF84E4FD8EEA4E82A5AEF8B5 /* ReaderThumbCache.m */,
				B32D697498314D8682E992B9 /* ReaderThumbFetch.m */,
				25A74DDDED4A4D42A27BAE7A /* ReaderThumbQueue.m */,
				1E5F2A0794EA4C9EACCE4D9A /* ReaderThumbRender.m */,
				283EAF6AAB374659A38F0BFD /* ReaderThumbRequest.m */,
				B773B15819454442B656DCFD /* ReaderThumbsView.m */,
				F25AA609EBEF4DCD946BD5EB /* ReaderThumbView.m */,
				BF2915B281DD4AD0A71C8DAE /* ReaderViewController.m */,
				F60FDD00460C4054A3EABCC0 /* ReaderViewController+SDVReaderViewControllerPassThrough.m */,
				2381A012D5F04439B26BC908 /* SDVReaderContentViewDoublePage.m */,
				35AD08341B92461089D63D68 /* SDVReaderMainPagebar.m */,
				4BF8E4A48D59461B864D103C /* SDVReaderMainToolbar.m */,
				56E35E2DEAA44A0D869E72E4 /* SDVReaderViewController.m */,
				337C1DFEE71F489B88A12CA5 /* SDVThumbsMainToolbar.m */,
				49CE4CFC59644B7295BD9E3A /* SDVThumbsViewController.m */,
				ED09127C03834A60B9A9BC0A /* ThumbsMainToolbar.m */,
				BF67A3BEAD1548C2AAC2FB52 /* ThumbsMainToolbar+SDVThumbsMainToolbarPassThrough.m */,
				822B91F55DED45379FC5FAB4 /* ThumbsViewController.m */,
				79135573768348B98F7CE887 /* ThumbsViewController+SDVThumbsViewControllerPassThrough.m */,
				88C704BA105A4DA5BD0B731C /* UIXToolbarView.m */,
				57257C244CC84D4AB97CF0BE /* SitewaertsDocumentViewer.h */,
				45FA95B2A4F84AD79C0332AB /* CGPDFDocument.h */,
				77DA3CA9428945B3801BA917 /* ReaderConstants.h */,
				C692446019A64BCCABB6EF8F /* ReaderContentPage.h */,
				046296476FFE4E528DE68800 /* ReaderContentTile.h */,
				10C22728685B4574A7BD416B /* ReaderContentView.h */,
				431BDCE608D34BE298CF6ED5 /* ReaderDocument.h */,
				83D83F475A4F4D769261B140 /* ReaderDocumentOutline.h */,
				2781375B5B494C2EAFF3841B /* ReaderMainPagebar.h */,
				95392CC35E7E4E68A1924279 /* ReaderMainToolbar.h */,
				881826253FD242B09FA0A4E6 /* ReaderMainToolbar+SDVReaderMainToolbarPassThrough.h */,
				860D11D1F9E04B9391B411C5 /* ReaderThumbCache.h */,
				4532B91E464B4D04B663A261 /* ReaderThumbFetch.h */,
				2971CB3932F54CD7830AA81E /* ReaderThumbQueue.h */,
				8DC26CFB9A66456397C5197E /* ReaderThumbRender.h */,
				31D851F1E33345F4BFCFE61B /* ReaderThumbRequest.h */,
				6304E3CEF86B4A2C84EBABDB /* ReaderThumbsView.h */,
				EDE9BF8114B34AA386E005DD /* ReaderThumbView.h */,
				9F2C3409AFCC423B8C927340 /* ReaderViewController.h */,
				631600AAB63F4B5CA8D96DCB /* ReaderViewController+SDVReaderViewControllerPassThrough.h */,
				8D323745DEC643DFA3007D47 /* SDVReaderContentViewDoublePage.h */,
				0523CE4CCF294A49B9D16506 /* SDVReaderMainPagebar.h */,
				87AF5C672CB948999F9F1BEA /* SDVReaderMainToolbar.h */,
				A141F6E9ED944568BAFAD837 /* SDVReaderViewController.h */,
				AF3FA92C0F63409EB7020DEE /* SDVThumbsMainToolbar.h */,
				05620C71204847868B06A8F9 /* SDVThumbsViewController.h */,
				7C949D479753447DBEE57B21 /* ThumbsMainToolbar.h */,
				14E7E1F5921842FF8B6C291A /* ThumbsMainToolbar+SDVThumbsMainToolbarPassThrough.h */,
				0DD09A374D4841F98AFC7BD9 /* ThumbsViewController.h */,
				C9008165584049FFB192704F /* ThumbsViewController+SDVThumbsViewControllerPassThrough.h */,
				8963900D10734AA09E9A81BD /* UIXToolbarView.h */,
				537C24B4485F4FDEA02A8EBF /* CDVNotification.m */,
				B4F91311E0304BF28576BECA /* CDVNotification.h */,
				B6493167C9CE42B7931BC0DC /* CDVLocation.m */,
				0FE1C71280204896AC49BB85 /* CDVLocation.h */,
				62931BBD4EE74B64AF62B2B4 /* CDVFileTransfer.m */,
				6F19BDAFB7FA4BF8AA7D4CA4 /* CDVFileTransfer.h */,
				AC4D0A44CB63401C97D5AD83 /* FileOpener2.m */,
				091834FF8C9E40408B87C7F3 /* FileOpener2.h */,
			);
			name = Plugins;
			path = MyKia_cordova/Plugins;
			sourceTree = SOURCE_ROOT;
		};
		EB87FDF11871DA420020F90C /* Staging */ = {
			isa = PBXGroup;
			children = (
				F840E1F0165FE0F500CFE078 /* config.xml */,
				301BF56E109A69640062928A /* www */,
			);
			name = Staging;
			sourceTree = "<group>";
		};
/* End PBXGroup section */

/* Begin PBXNativeTarget section */
		1D6058900D05DD3D006BFB54 /* MyKia_cordova */ = {
			isa = PBXNativeTarget;
			buildConfigurationList = 1D6058960D05DD3E006BFB54 /* Build configuration list for PBXNativeTarget "MyKia_cordova" */;
			buildPhases = (
				304B58A110DAC018002A0835 /* Copy www directory */,
				1D60588D0D05DD3D006BFB54 /* Resources */,
				1D60588E0D05DD3D006BFB54 /* Sources */,
				1D60588F0D05DD3D006BFB54 /* Frameworks */,
			);
			buildRules = (
			);
			dependencies = (
				301BF551109A68C00062928A /* PBXTargetDependency */,
			);
			name = MyKia_cordova;
			productName = MyKia_cordova;
			productReference = 1D6058910D05DD3D006BFB54 /* MyKia_cordova.app */;
			productType = "com.apple.product-type.application";
		};
/* End PBXNativeTarget section */

/* Begin PBXProject section */
		29B97313FDCFA39411CA2CEA /* Project object */ = {
			isa = PBXProject;
			attributes = {
				LastUpgradeCheck = 510;
				TargetAttributes = {
					1D6058900D05DD3D006BFB54 = {
						DevelopmentTeam = M8B5LY468H;
					};
				};
			};
			buildConfigurationList = C01FCF4E08A954540054247B /* Build configuration list for PBXProject "MyKia_cordova" */;
			compatibilityVersion = "Xcode 3.2";
			developmentRegion = English;
			hasScannedForEncodings = 1;
			knownRegions = (
				en,
			);
			mainGroup = 29B97314FDCFA39411CA2CEA /* CustomTemplate */;
			projectDirPath = "";
			projectReferences = (
				{
					ProductGroup = 301BF52E109A57CC0062928A /* Products */;
					ProjectRef = 301BF52D109A57CC0062928A /* CordovaLib/CordovaLib.xcodeproj */;
				},
			);
			projectRoot = "";
			targets = (
				1D6058900D05DD3D006BFB54 /* MyKia_cordova */,
			);
		};
/* End PBXProject section */

/* Begin PBXReferenceProxy section */
		301BF535109A57CC0062928A /* libCordova.a */ = {
			isa = PBXReferenceProxy;
			fileType = archive.ar;
			path = libCordova.a;
			remoteRef = 301BF534109A57CC0062928A /* PBXContainerItemProxy */;
			sourceTree = BUILT_PRODUCTS_DIR;
		};
		55EE3843206CDABD00A7EB4A /* Cordova.framework */ = {
			isa = PBXReferenceProxy;
			fileType = wrapper.framework;
			path = Cordova.framework;
			remoteRef = 55EE3842206CDABD00A7EB4A /* PBXContainerItemProxy */;
			sourceTree = BUILT_PRODUCTS_DIR;
		};
/* End PBXReferenceProxy section */

/* Begin PBXResourcesBuildPhase section */
		1D60588D0D05DD3D006BFB54 /* Resources */ = {
			isa = PBXResourcesBuildPhase;
			buildActionMask = 2147483647;
			files = (
				302D95F214D2391D003F00A1 /* MainViewController.xib in Resources */,
				0207DA581B56EA530066E2B4 /* Images.xcassets in Resources */,
				6AFF5BF91D6E424B00AB3073 /* CDVLaunchScreen.storyboard in Resources */,
				24565D7B4ECC4EBE94862708 /* Default-568h@2x.png in Resources */,
				82635977C926461DA20CAF6A /* Reader-Button-H.png in Resources */,
				EFBD11F5D71548AEB885B786 /* Reader-Button-H@2x.png in Resources */,
				3F5757F303424872BB714BE7 /* Reader-Button-N.png in Resources */,
				9D560BCD5E504237BAFC1A1D /* Reader-Button-N@2x.png in Resources */,
				B1624441FC66414FB8AE7E41 /* Reader-Email.png in Resources */,
				1498783B46C44A34A53307D6 /* Reader-Email@2x.png in Resources */,
				5542DB9D18AA4B71863DFEA4 /* Reader-Export.png in Resources */,
				04EE4E0690714098A294DC84 /* Reader-Export@2x.png in Resources */,
				D2869F878E03463B9E7897DD /* Reader-Mark-N.png in Resources */,
				1604C63A4F0B40529A9803F0 /* Reader-Mark-N@2x.png in Resources */,
				AB9699A0A05746F7A62E1387 /* Reader-Mark-Y.png in Resources */,
				2AAA025297FC4A5AA9F68A41 /* Reader-Mark-Y@2x.png in Resources */,
				63675C4A3BE546E381602ECC /* Reader-Print.png in Resources */,
				25E33C163ABE4260A85BECF6 /* Reader-Print@2x.png in Resources */,
				4A4526337131412B9BA57F48 /* Reader-Thumbs.png in Resources */,
				16D508C1EF8449199D426238 /* Reader-Thumbs@2x.png in Resources */,
				0B437FBD4D3F4E189932609D /* SDVReader-CoverPage.png in Resources */,
				96AFE976DE954E3BA0159A11 /* SDVReader-CoverPage@2x.png in Resources */,
				B0EBBB8B18E34394813AA2A4 /* SDVReader-DoublePage.png in Resources */,
				B7C6F60F0B0B41AF9B09CCC1 /* SDVReader-DoublePage@2x.png in Resources */,
				D5F594537BA14F7B9AE36034 /* SDVReader-Outline.png in Resources */,
				7762402BF3D54123BDDAD825 /* SDVReader-Outline@2x.png in Resources */,
				A91203AA7E0F4A8C804A2E26 /* SDVReader-SinglePage.png in Resources */,
				605AE438EA0E428981C60F3C /* SDVReader-SinglePage@2x.png in Resources */,
				B4FAE38EDB92485E988B6673 /* CDVNotification.bundle in Resources */,
			);
			runOnlyForDeploymentPostprocessing = 0;
		};
/* End PBXResourcesBuildPhase section */

/* Begin PBXShellScriptBuildPhase section */
		304B58A110DAC018002A0835 /* Copy www directory */ = {
			isa = PBXShellScriptBuildPhase;
			buildActionMask = 2147483647;
			files = (
			);
			inputPaths = (
			);
			name = "Copy www directory";
			outputPaths = (
			);
			runOnlyForDeploymentPostprocessing = 0;
			shellPath = /bin/sh;
			shellScript = "NODEJS_PATH=/usr/local/bin; NVM_NODE_PATH=~/.nvm/versions/node/`nvm version 2>/dev/null`/bin; N_NODE_PATH=`find /usr/local/n/versions/node/* -maxdepth 0 -type d 2>/dev/null | tail -1`/bin; XCODE_NODE_PATH=`xcode-select --print-path`/usr/share/xcs/Node/bin; PATH=$NODEJS_PATH:$NVM_NODE_PATH:$N_NODE_PATH:$XCODE_NODE_PATH:$PATH && node cordova/lib/copy-www-build-step.js";
			showEnvVarsInLog = 0;
		};
/* End PBXShellScriptBuildPhase section */

/* Begin PBXSourcesBuildPhase section */
		1D60588E0D05DD3D006BFB54 /* Sources */ = {
			isa = PBXSourcesBuildPhase;
			buildActionMask = 2147483647;
			files = (
				1D60589B0D05DD56006BFB54 /* main.m in Sources */,
				1D3623260D0F684500981E51 /* AppDelegate.m in Sources */,
				302D95F114D2391D003F00A1 /* MainViewController.m in Sources */,
				629A4F3D6EA84F53AA263ACD /* ExRHMEncrypt.m in Sources */,
				1926C264123240D886B6C91E /* CFCallNumber.m in Sources */,
				5697FCE6B2674D009368DFB1 /* startApp.m in Sources */,
				12E4859E1E754F18BC97D01E /* AppVersion.m in Sources */,
				9466979B604F4EF7AB0410AD /* CDVDevice.m in Sources */,
				50B8E2DB85B54F0FA613F306 /* CDVInAppBrowser.m in Sources */,
				3FAE46DCB0ED4A9A9F295BCA /* CDVFile.m in Sources */,
				EE983FA1F1DB44C290D79C8F /* CDVLocalFilesystem.m in Sources */,
				A2CBD9F6BF354AB1A55F3CD0 /* CDVAssetLibraryFilesystem.m in Sources */,
				F62E55BBC99146A7A34A915F /* SitewaertsDocumentViewer.m in Sources */,
				88078BDEF96C4E4AAA748415 /* CGPDFDocument.m in Sources */,
				FD542F60F74D488A87467E8F /* ReaderConstants.m in Sources */,
				14EF1CEE863F494EA6EB92A7 /* ReaderContentPage.m in Sources */,
				CBFEA92B1EA249E298474091 /* ReaderContentTile.m in Sources */,
				46C439F9154A44779643DF9F /* ReaderContentView.m in Sources */,
				96DE3D2AA56740B187285B12 /* ReaderDocument.m in Sources */,
				C37E9646CE924CAF92B27076 /* ReaderDocumentOutline.m in Sources */,
				07EEED3DC7E8471EB63D61CC /* ReaderMainPagebar.m in Sources */,
				9956912868E44779922A9863 /* ReaderMainToolbar.m in Sources */,
				5AE0F220C6C8450288D2DAE3 /* ReaderMainToolbar+SDVReaderMainToolbarPassThrough.m in Sources */,
				F0CB97BED4AB4BA6A4E0400D /* ReaderThumbCache.m in Sources */,
				5E7E5B7754214F229B95C765 /* ReaderThumbFetch.m in Sources */,
				E01B8AA3E23A425CA2321F9F /* ReaderThumbQueue.m in Sources */,
				D90CFBB38ED54433A83F7791 /* ReaderThumbRender.m in Sources */,
				32350863DA3E4951BA27E908 /* ReaderThumbRequest.m in Sources */,
				90905FEAC544454D8D9E616E /* ReaderThumbsView.m in Sources */,
				E99C175D901F49AB8D131B61 /* ReaderThumbView.m in Sources */,
				CC0663B7B4C14DAB98F922E3 /* ReaderViewController.m in Sources */,
				1B024BAEAB5C469FB01F162F /* ReaderViewController+SDVReaderViewControllerPassThrough.m in Sources */,
				0F3AA050DE604AB4AF476464 /* SDVReaderContentViewDoublePage.m in Sources */,
				1C8931940B4C48DD88E63DD2 /* SDVReaderMainPagebar.m in Sources */,
				A410AEC9FEF446A29A591B0B /* SDVReaderMainToolbar.m in Sources */,
				07139178ADBE41179EDCFA7F /* SDVReaderViewController.m in Sources */,
				F997D67B2EC04211A72B35B6 /* SDVThumbsMainToolbar.m in Sources */,
				489EDE1D61DC4A5D9C51CECE /* SDVThumbsViewController.m in Sources */,
				2D4245101EAD470DB32C0D08 /* ThumbsMainToolbar.m in Sources */,
				909DC421E9DA468D987B996A /* ThumbsMainToolbar+SDVThumbsMainToolbarPassThrough.m in Sources */,
				2486C06904D54AD29833F06D /* ThumbsViewController.m in Sources */,
				0FB95A0FE7E4468CA0FD7D26 /* ThumbsViewController+SDVThumbsViewControllerPassThrough.m in Sources */,
				719446B998564EB294600407 /* UIXToolbarView.m in Sources */,
				CB9537050501481BBFF6B33F /* CDVNotification.m in Sources */,
				CC163A06A4C246FFAC3242AA /* CDVLocation.m in Sources */,
				8677F1208863435CB61E16C1 /* CDVFileTransfer.m in Sources */,
				5487D2849A8147818488E595 /* FileOpener2.m in Sources */,
			);
			runOnlyForDeploymentPostprocessing = 0;
		};
/* End PBXSourcesBuildPhase section */

/* Begin PBXTargetDependency section */
		301BF551109A68C00062928A /* PBXTargetDependency */ = {
			isa = PBXTargetDependency;
			name = CordovaLib;
			targetProxy = 301BF550109A68C00062928A /* PBXContainerItemProxy */;
		};
/* End PBXTargetDependency section */

/* Begin XCBuildConfiguration section */
		1D6058940D05DD3E006BFB54 /* Debug */ = {
			isa = XCBuildConfiguration;
			baseConfigurationReference = 3047A50F1AB8059700498E2A /* build-debug.xcconfig */;
			buildSettings = {
				ALWAYS_SEARCH_USER_PATHS = NO;
				ASSETCATALOG_COMPILER_APPICON_NAME = AppIcon;
				ASSETCATALOG_COMPILER_LAUNCHIMAGE_NAME = LaunchImage;
				CLANG_ENABLE_MODULES = YES;
				CLANG_ENABLE_OBJC_ARC = YES;
				COPY_PHASE_STRIP = NO;
				DEVELOPMENT_TEAM = M8B5LY468H;
				GCC_DYNAMIC_NO_PIC = NO;
				GCC_OPTIMIZATION_LEVEL = 0;
				GCC_PRECOMPILE_PREFIX_HEADER = YES;
				GCC_PREFIX_HEADER = "MyKia_cordova/MyKia_cordova-Prefix.pch";
				GCC_THUMB_SUPPORT = NO;
				GCC_VERSION = "";
				INFOPLIST_FILE = "MyKia_cordova/MyKia_cordova-Info.plist";
				IPHONEOS_DEPLOYMENT_TARGET = 9.0;
				LD_RUNPATH_SEARCH_PATHS = "@executable_path/Frameworks";
				PRODUCT_NAME = MyKia_cordova;
				TARGETED_DEVICE_FAMILY = "1,2";
			};
			name = Debug;
		};
		1D6058950D05DD3E006BFB54 /* Release */ = {
			isa = XCBuildConfiguration;
			baseConfigurationReference = 3047A5101AB8059700498E2A /* build-release.xcconfig */;
			buildSettings = {
				ALWAYS_SEARCH_USER_PATHS = NO;
				ASSETCATALOG_COMPILER_APPICON_NAME = AppIcon;
				ASSETCATALOG_COMPILER_LAUNCHIMAGE_NAME = LaunchImage;
				CLANG_ENABLE_MODULES = YES;
				CLANG_ENABLE_OBJC_ARC = YES;
				COPY_PHASE_STRIP = YES;
				DEVELOPMENT_TEAM = M8B5LY468H;
				GCC_PRECOMPILE_PREFIX_HEADER = YES;
				GCC_PREFIX_HEADER = "MyKia_cordova/MyKia_cordova-Prefix.pch";
				GCC_THUMB_SUPPORT = NO;
				GCC_VERSION = "";
				INFOPLIST_FILE = "MyKia_cordova/MyKia_cordova-Info.plist";
				IPHONEOS_DEPLOYMENT_TARGET = 9.0;
				LD_RUNPATH_SEARCH_PATHS = "@executable_path/Frameworks";
				PRODUCT_NAME = MyKia_cordova;
				TARGETED_DEVICE_FAMILY = "1,2";
			};
			name = Release;
		};
		C01FCF4F08A954540054247B /* Debug */ = {
			isa = XCBuildConfiguration;
			baseConfigurationReference = 3047A5111AB8059700498E2A /* build.xcconfig */;
			buildSettings = {
				CLANG_ENABLE_MODULES = YES;
				CLANG_ENABLE_OBJC_ARC = YES;
				CLANG_WARN_BOOL_CONVERSION = YES;
				CLANG_WARN_CONSTANT_CONVERSION = YES;
				CLANG_WARN_EMPTY_BODY = YES;
				CLANG_WARN_ENUM_CONVERSION = YES;
				CLANG_WARN_INT_CONVERSION = YES;
				CLANG_WARN__DUPLICATE_METHOD_MATCH = YES;
				GCC_C_LANGUAGE_STANDARD = c99;
				GCC_THUMB_SUPPORT = NO;
				GCC_VERSION = "";
				GCC_WARN_ABOUT_RETURN_TYPE = YES;
				GCC_WARN_UNDECLARED_SELECTOR = YES;
				GCC_WARN_UNINITIALIZED_AUTOS = YES;
				GCC_WARN_UNUSED_FUNCTION = YES;
				GCC_WARN_UNUSED_VARIABLE = YES;
				ONLY_ACTIVE_ARCH = YES;
				SDKROOT = iphoneos;
				SKIP_INSTALL = NO;
			};
			name = Debug;
		};
		C01FCF5008A954540054247B /* Release */ = {
			isa = XCBuildConfiguration;
			baseConfigurationReference = 3047A5111AB8059700498E2A /* build.xcconfig */;
			buildSettings = {
				CLANG_ENABLE_MODULES = YES;
				CLANG_ENABLE_OBJC_ARC = YES;
				CLANG_WARN_BOOL_CONVERSION = YES;
				CLANG_WARN_CONSTANT_CONVERSION = YES;
				CLANG_WARN_EMPTY_BODY = YES;
				CLANG_WARN_ENUM_CONVERSION = YES;
				CLANG_WARN_INT_CONVERSION = YES;
				CLANG_WARN__DUPLICATE_METHOD_MATCH = YES;
				GCC_C_LANGUAGE_STANDARD = c99;
				GCC_THUMB_SUPPORT = NO;
				GCC_VERSION = "";
				GCC_WARN_ABOUT_RETURN_TYPE = YES;
				GCC_WARN_UNDECLARED_SELECTOR = YES;
				GCC_WARN_UNINITIALIZED_AUTOS = YES;
				GCC_WARN_UNUSED_FUNCTION = YES;
				GCC_WARN_UNUSED_VARIABLE = YES;
				SDKROOT = iphoneos;
				SKIP_INSTALL = NO;
			};
			name = Release;
		};
/* End XCBuildConfiguration section */

/* Begin XCConfigurationList section */
		1D6058960D05DD3E006BFB54 /* Build configuration list for PBXNativeTarget "MyKia_cordova" */ = {
			isa = XCConfigurationList;
			buildConfigurations = (
				1D6058940D05DD3E006BFB54 /* Debug */,
				1D6058950D05DD3E006BFB54 /* Release */,
			);
			defaultConfigurationIsVisible = 0;
			defaultConfigurationName = Release;
		};
		C01FCF4E08A954540054247B /* Build configuration list for PBXProject "MyKia_cordova" */ = {
			isa = XCConfigurationList;
			buildConfigurations = (
				C01FCF4F08A954540054247B /* Debug */,
				C01FCF5008A954540054247B /* Release */,
			);
			defaultConfigurationIsVisible = 0;
			defaultConfigurationName = Release;
		};
/* End XCConfigurationList section */
	};
	rootObject = 29B97313FDCFA39411CA2CEA /* Project object */;
}
